// !$*UTF8*$!
{
	archiveVersion = 1;
	classes = {
	};
	objectVersion = 60;
	objects = {

/* Begin PBXBuildFile section */
		C01BFBF72C68293300184E1B /* ProfileClubsListView.swift in Sources */ = {isa = PBXBuildFile; fileRef = C01BFBF62C68293300184E1B /* ProfileClubsListView.swift */; };
		C01BFBF92C698C5000184E1B /* CountryManager.swift in Sources */ = {isa = PBXBuildFile; fileRef = C01BFBF82C698C5000184E1B /* CountryManager.swift */; };
		C01BFBFB2C69BEEF00184E1B /* MatchUpFormFormatView.swift in Sources */ = {isa = PBXBuildFile; fileRef = C01BFBFA2C69BEEF00184E1B /* MatchUpFormFormatView.swift */; };
		C01BFC072C6A028800184E1B /* MatchUpFormFormatSetView.swift in Sources */ = {isa = PBXBuildFile; fileRef = C01BFC062C6A028800184E1B /* MatchUpFormFormatSetView.swift */; };
		C01BFC092C6A039800184E1B /* MatchUpFormFormatTiebreakView.swift in Sources */ = {isa = PBXBuildFile; fileRef = C01BFC082C6A039800184E1B /* MatchUpFormFormatTiebreakView.swift */; };
		C01BFC0B2C6A0BDC00184E1B /* SearchProfileDetailView.swift in Sources */ = {isa = PBXBuildFile; fileRef = C01BFC0A2C6A0BDC00184E1B /* SearchProfileDetailView.swift */; };
		C02692392C62CFBE00B34F42 /* RelationshipService in Frameworks */ = {isa = PBXBuildFile; productRef = C02692382C62CFBE00B34F42 /* RelationshipService */; };
		C02E71F62C2CA95300830E2B /* HomeRootFlowView.swift in Sources */ = {isa = PBXBuildFile; fileRef = C02E71F52C2CA95300830E2B /* HomeRootFlowView.swift */; };
		C0495D822C1E4FB800E6D023 /* GoogleService-Info.plist in Resources */ = {isa = PBXBuildFile; fileRef = C0495D812C1E4FB800E6D023 /* GoogleService-Info.plist */; };
		C0495D8C2C1E546800E6D023 /* SignInView.swift in Sources */ = {isa = PBXBuildFile; fileRef = C0495D8B2C1E546800E6D023 /* SignInView.swift */; };
		C0495D912C1E54C700E6D023 /* SignUpView.swift in Sources */ = {isa = PBXBuildFile; fileRef = C0495D902C1E54C700E6D023 /* SignUpView.swift */; };
		C0495D932C1E54D100E6D023 /* ForgotPasswordView.swift in Sources */ = {isa = PBXBuildFile; fileRef = C0495D922C1E54D100E6D023 /* ForgotPasswordView.swift */; };
		C0495D9A2C1E5C3A00E6D023 /* MarqueeView.swift in Sources */ = {isa = PBXBuildFile; fileRef = C0495D992C1E5C3A00E6D023 /* MarqueeView.swift */; };
		C05FC2A72C662CFF00818A49 /* RDDesignSystem in Resources */ = {isa = PBXBuildFile; fileRef = C0495DA12C1E606700E6D023 /* RDDesignSystem */; };
		C060AF312C1974D100D160A5 /* CourtiqApp.swift in Sources */ = {isa = PBXBuildFile; fileRef = C060AF302C1974D100D160A5 /* CourtiqApp.swift */; };
		C060AF332C1974D100D160A5 /* ContentView.swift in Sources */ = {isa = PBXBuildFile; fileRef = C060AF322C1974D100D160A5 /* ContentView.swift */; };
		C060AF372C1974D200D160A5 /* Assets.xcassets in Resources */ = {isa = PBXBuildFile; fileRef = C060AF362C1974D200D160A5 /* Assets.xcassets */; };
		C060AF3B2C1974D200D160A5 /* Preview Assets.xcassets in Resources */ = {isa = PBXBuildFile; fileRef = C060AF3A2C1974D200D160A5 /* Preview Assets.xcassets */; };
		C060AF452C1974D200D160A5 /* CourtiqTests.swift in Sources */ = {isa = PBXBuildFile; fileRef = C060AF442C1974D200D160A5 /* CourtiqTests.swift */; };
		C060AF4F2C1974D200D160A5 /* CourtiqUITests.swift in Sources */ = {isa = PBXBuildFile; fileRef = C060AF4E2C1974D200D160A5 /* CourtiqUITests.swift */; };
		C060AF512C1974D200D160A5 /* CourtiqUITestsLaunchTests.swift in Sources */ = {isa = PBXBuildFile; fileRef = C060AF502C1974D200D160A5 /* CourtiqUITestsLaunchTests.swift */; };
		C062D2C42C3BEB9400ABF5A8 /* ProfileView.swift in Sources */ = {isa = PBXBuildFile; fileRef = C062D2C32C3BEB9400ABF5A8 /* ProfileView.swift */; };
		C062D2C62C3BEB9B00ABF5A8 /* TennisView.swift in Sources */ = {isa = PBXBuildFile; fileRef = C062D2C52C3BEB9B00ABF5A8 /* TennisView.swift */; };
		C062D2C82C3BEEEC00ABF5A8 /* HomeView.swift in Sources */ = {isa = PBXBuildFile; fileRef = C062D2C72C3BEEEC00ABF5A8 /* HomeView.swift */; };
		C062D2CA2C3BEFBC00ABF5A8 /* BaseTabPageView.swift in Sources */ = {isa = PBXBuildFile; fileRef = C062D2C92C3BEFBC00ABF5A8 /* BaseTabPageView.swift */; };
		C067FEAB2C5AEE3F0089C7E9 /* TennisVM.swift in Sources */ = {isa = PBXBuildFile; fileRef = C067FEAA2C5AEE3F0089C7E9 /* TennisVM.swift */; };
		C067FEAD2C5AF0E70089C7E9 /* AddStringView.swift in Sources */ = {isa = PBXBuildFile; fileRef = C067FEAC2C5AF0E70089C7E9 /* AddStringView.swift */; };
		C067FEB12C5AF45A0089C7E9 /* NunitoSans.ttf in Resources */ = {isa = PBXBuildFile; fileRef = C067FEB02C5AF37A0089C7E9 /* NunitoSans.ttf */; };
		C067FEB32C5B001E0089C7E9 /* MatchUpFormInfoView.swift in Sources */ = {isa = PBXBuildFile; fileRef = C067FEB22C5B001E0089C7E9 /* MatchUpFormInfoView.swift */; };
		C067FEBD2C5B10B80089C7E9 /* RDDesignSystem in Frameworks */ = {isa = PBXBuildFile; productRef = C067FEBC2C5B10B80089C7E9 /* RDDesignSystem */; };
		C067FEBF2C5B10B80089C7E9 /* StringEntryService in Frameworks */ = {isa = PBXBuildFile; productRef = C067FEBE2C5B10B80089C7E9 /* StringEntryService */; };
		C067FEC12C5B10B80089C7E9 /* UserService in Frameworks */ = {isa = PBXBuildFile; productRef = C067FEC02C5B10B80089C7E9 /* UserService */; };
		C067FEC32C5B11210089C7E9 /* AuthenticationService in Frameworks */ = {isa = PBXBuildFile; productRef = C067FEC22C5B11210089C7E9 /* AuthenticationService */; };
		C07A2DBC2C297FE0006DDF6F /* HomeBaseTabsView.swift in Sources */ = {isa = PBXBuildFile; fileRef = C07A2DB72C297FE0006DDF6F /* HomeBaseTabsView.swift */; };
		C07A2DBD2C297FE0006DDF6F /* SearchView.swift in Sources */ = {isa = PBXBuildFile; fileRef = C07A2DB82C297FE0006DDF6F /* SearchView.swift */; };
		C0889DDD2C2BA5700081BF59 /* AppRouter.swift in Sources */ = {isa = PBXBuildFile; fileRef = C0889DDC2C2BA5700081BF59 /* AppRouter.swift */; };
		C0889DE02C2BEC9E0081BF59 /* ViewModel.swift in Sources */ = {isa = PBXBuildFile; fileRef = C0889DDF2C2BEC9E0081BF59 /* ViewModel.swift */; };
		C0889DE22C2BFA4D0081BF59 /* Extensions.swift in Sources */ = {isa = PBXBuildFile; fileRef = C0889DE12C2BFA4D0081BF59 /* Extensions.swift */; };
		C0889DEA2C2C0A770081BF59 /* AdditionalInfoView.swift in Sources */ = {isa = PBXBuildFile; fileRef = C0889DE92C2C0A770081BF59 /* AdditionalInfoView.swift */; };
		C0904D712C297489008B7B2E /* HomeBaseVM.swift in Sources */ = {isa = PBXBuildFile; fileRef = C0904D702C297489008B7B2E /* HomeBaseVM.swift */; };
		C09138112C64AAFD00598535 /* XelaChart.swift in Sources */ = {isa = PBXBuildFile; fileRef = C09138102C64AAFC00598535 /* XelaChart.swift */; };
		C091381F2C64AB0F00598535 /* XelaBarChartBody.swift in Sources */ = {isa = PBXBuildFile; fileRef = C09138122C64AB0F00598535 /* XelaBarChartBody.swift */; };
		C09138202C64AB0F00598535 /* XelaBarDatasets.swift in Sources */ = {isa = PBXBuildFile; fileRef = C09138132C64AB0F00598535 /* XelaBarDatasets.swift */; };
		C09138212C64AB0F00598535 /* XelaChartDataset.swift in Sources */ = {isa = PBXBuildFile; fileRef = C09138142C64AB0F00598535 /* XelaChartDataset.swift */; };
		C09138222C64AB0F00598535 /* XelaChartLineShape.swift in Sources */ = {isa = PBXBuildFile; fileRef = C09138152C64AB0F00598535 /* XelaChartLineShape.swift */; };
		C09138232C64AB0F00598535 /* XelaChartPieItemShape.swift in Sources */ = {isa = PBXBuildFile; fileRef = C09138162C64AB0F00598535 /* XelaChartPieItemShape.swift */; };
		C09138242C64AB0F00598535 /* XelaChartType.swift in Sources */ = {isa = PBXBuildFile; fileRef = C09138172C64AB0F00598535 /* XelaChartType.swift */; };
		C09138252C64AB0F00598535 /* XelaDoughnutChartBody.swift in Sources */ = {isa = PBXBuildFile; fileRef = C09138182C64AB0F00598535 /* XelaDoughnutChartBody.swift */; };
		C09138262C64AB0F00598535 /* XelaDoughnutDatasets.swift in Sources */ = {isa = PBXBuildFile; fileRef = C09138192C64AB0F00598535 /* XelaDoughnutDatasets.swift */; };
		C09138272C64AB0F00598535 /* XelaLineChartBody.swift in Sources */ = {isa = PBXBuildFile; fileRef = C091381A2C64AB0F00598535 /* XelaLineChartBody.swift */; };
		C09138282C64AB0F00598535 /* XelaLineDatasets.swift in Sources */ = {isa = PBXBuildFile; fileRef = C091381B2C64AB0F00598535 /* XelaLineDatasets.swift */; };
		C09138292C64AB0F00598535 /* XelaPieChartBody.swift in Sources */ = {isa = PBXBuildFile; fileRef = C091381C2C64AB0F00598535 /* XelaPieChartBody.swift */; };
		C091382A2C64AB0F00598535 /* XelaPieDatasets.swift in Sources */ = {isa = PBXBuildFile; fileRef = C091381D2C64AB0F00598535 /* XelaPieDatasets.swift */; };
		C0B0C6F12C6055C800D56577 /* ProfileVM.swift in Sources */ = {isa = PBXBuildFile; fileRef = C0B0C6F02C6055C800D56577 /* ProfileVM.swift */; };
		C0B0C6F32C6062F800D56577 /* MatchUpVM.swift in Sources */ = {isa = PBXBuildFile; fileRef = C0B0C6F22C6062F800D56577 /* MatchUpVM.swift */; };
		C0B0C6FA2C61933C00D56577 /* LoadingView.swift in Sources */ = {isa = PBXBuildFile; fileRef = C0B0C6F92C61933C00D56577 /* LoadingView.swift */; };
		C0BA4ECE2C5B116D00C6F3F6 /* StorageService in Frameworks */ = {isa = PBXBuildFile; productRef = C0BA4ECD2C5B116D00C6F3F6 /* StorageService */; };
		C0BA4ED42C5C146C00C6F3F6 /* SideMenuView.swift in Sources */ = {isa = PBXBuildFile; fileRef = C0BA4ED32C5C146B00C6F3F6 /* SideMenuView.swift */; };
		C0BA4EDB2C5C39D100C6F3F6 /* MatchUpService in Frameworks */ = {isa = PBXBuildFile; productRef = C0BA4EDA2C5C39D100C6F3F6 /* MatchUpService */; };
		C0C9FBAF2C65676200E913DD /* InstantSearchSwiftUI in Frameworks */ = {isa = PBXBuildFile; productRef = C0C9FBAE2C65676200E913DD /* InstantSearchSwiftUI */; };
		C0C9FBB12C65688800E913DD /* AlgoliaController.swift in Sources */ = {isa = PBXBuildFile; fileRef = C0C9FBB02C65688800E913DD /* AlgoliaController.swift */; };
		C0C9FBB32C65793100E913DD /* SearchListProfileItem.swift in Sources */ = {isa = PBXBuildFile; fileRef = C0C9FBB22C65793100E913DD /* SearchListProfileItem.swift */; };
		C0C9FBB52C65B6FE00E913DD /* SideMenuVM.swift in Sources */ = {isa = PBXBuildFile; fileRef = C0C9FBB42C65B6FE00E913DD /* SideMenuVM.swift */; };
		C0C9FBB72C65BBEE00E913DD /* SearchVM.swift in Sources */ = {isa = PBXBuildFile; fileRef = C0C9FBB62C65BBEE00E913DD /* SearchVM.swift */; };
		C0C9FBBA2C65E86000E913DD /* ProfileCardView.swift in Sources */ = {isa = PBXBuildFile; fileRef = C0C9FBB92C65E86000E913DD /* ProfileCardView.swift */; };
		C0C9FBBC2C65EB9700E913DD /* ActionItemRowView.swift in Sources */ = {isa = PBXBuildFile; fileRef = C0C9FBBB2C65EB9700E913DD /* ActionItemRowView.swift */; };
		C0DA7F1D2C633F18005966C1 /* StatActionItemView.swift in Sources */ = {isa = PBXBuildFile; fileRef = C0DA7F1C2C633F18005966C1 /* StatActionItemView.swift */; };
		C0DA7F202C640CE5005966C1 /* SettingsView.swift in Sources */ = {isa = PBXBuildFile; fileRef = C0DA7F1F2C640CE5005966C1 /* SettingsView.swift */; };
		C0F58BBF2C29021000930364 /* AuthenticationWelcomeView.swift in Sources */ = {isa = PBXBuildFile; fileRef = C0F58BBE2C29021000930364 /* AuthenticationWelcomeView.swift */; };
		C0F58BD42C29525200930364 /* AuthenticationVM.swift in Sources */ = {isa = PBXBuildFile; fileRef = C0F58BD32C29525200930364 /* AuthenticationVM.swift */; };
/* End PBXBuildFile section */

/* Begin PBXContainerItemProxy section */
		C060AF412C1974D200D160A5 /* PBXContainerItemProxy */ = {
			isa = PBXContainerItemProxy;
			containerPortal = C060AF252C1974D100D160A5 /* Project object */;
			proxyType = 1;
			remoteGlobalIDString = C060AF2C2C1974D100D160A5;
			remoteInfo = Courtiq;
		};
		C060AF4B2C1974D200D160A5 /* PBXContainerItemProxy */ = {
			isa = PBXContainerItemProxy;
			containerPortal = C060AF252C1974D100D160A5 /* Project object */;
			proxyType = 1;
			remoteGlobalIDString = C060AF2C2C1974D100D160A5;
			remoteInfo = Courtiq;
		};
/* End PBXContainerItemProxy section */

/* Begin PBXFileReference section */
		C01BFBF62C68293300184E1B /* ProfileClubsListView.swift */ = {isa = PBXFileReference; lastKnownFileType = sourcecode.swift; path = ProfileClubsListView.swift; sourceTree = "<group>"; };
		C01BFBF82C698C5000184E1B /* CountryManager.swift */ = {isa = PBXFileReference; lastKnownFileType = sourcecode.swift; path = CountryManager.swift; sourceTree = "<group>"; };
		C01BFBFA2C69BEEF00184E1B /* MatchUpFormFormatView.swift */ = {isa = PBXFileReference; lastKnownFileType = sourcecode.swift; path = MatchUpFormFormatView.swift; sourceTree = "<group>"; };
		C01BFC062C6A028800184E1B /* MatchUpFormFormatSetView.swift */ = {isa = PBXFileReference; lastKnownFileType = sourcecode.swift; path = MatchUpFormFormatSetView.swift; sourceTree = "<group>"; };
		C01BFC082C6A039800184E1B /* MatchUpFormFormatTiebreakView.swift */ = {isa = PBXFileReference; lastKnownFileType = sourcecode.swift; path = MatchUpFormFormatTiebreakView.swift; sourceTree = "<group>"; };
		C01BFC0A2C6A0BDC00184E1B /* SearchProfileDetailView.swift */ = {isa = PBXFileReference; lastKnownFileType = sourcecode.swift; path = SearchProfileDetailView.swift; sourceTree = "<group>"; };
		C026923B2C62D01300B34F42 /* RelationshipService */ = {isa = PBXFileReference; lastKnownFileType = wrapper; path = RelationshipService; sourceTree = "<group>"; };
		C02E71F52C2CA95300830E2B /* HomeRootFlowView.swift */ = {isa = PBXFileReference; lastKnownFileType = sourcecode.swift; path = HomeRootFlowView.swift; sourceTree = "<group>"; };
		C0495D7D2C1E430400E6D023 /* AuthenticationService */ = {isa = PBXFileReference; lastKnownFileType = wrapper; path = AuthenticationService; sourceTree = "<group>"; };
		C0495D812C1E4FB800E6D023 /* GoogleService-Info.plist */ = {isa = PBXFileReference; fileEncoding = 4; lastKnownFileType = text.plist.xml; path = "GoogleService-Info.plist"; sourceTree = "<group>"; };
		C0495D8B2C1E546800E6D023 /* SignInView.swift */ = {isa = PBXFileReference; lastKnownFileType = sourcecode.swift; path = SignInView.swift; sourceTree = "<group>"; };
		C0495D902C1E54C700E6D023 /* SignUpView.swift */ = {isa = PBXFileReference; lastKnownFileType = sourcecode.swift; path = SignUpView.swift; sourceTree = "<group>"; };
		C0495D922C1E54D100E6D023 /* ForgotPasswordView.swift */ = {isa = PBXFileReference; lastKnownFileType = sourcecode.swift; path = ForgotPasswordView.swift; sourceTree = "<group>"; };
		C0495D992C1E5C3A00E6D023 /* MarqueeView.swift */ = {isa = PBXFileReference; lastKnownFileType = sourcecode.swift; path = MarqueeView.swift; sourceTree = "<group>"; };
		C0495DA12C1E606700E6D023 /* RDDesignSystem */ = {isa = PBXFileReference; lastKnownFileType = wrapper; path = RDDesignSystem; sourceTree = "<group>"; };
		C060AF2D2C1974D100D160A5 /* Courtiq.app */ = {isa = PBXFileReference; explicitFileType = wrapper.application; includeInIndex = 0; path = Courtiq.app; sourceTree = BUILT_PRODUCTS_DIR; };
		C060AF302C1974D100D160A5 /* CourtiqApp.swift */ = {isa = PBXFileReference; lastKnownFileType = sourcecode.swift; path = CourtiqApp.swift; sourceTree = "<group>"; };
		C060AF322C1974D100D160A5 /* ContentView.swift */ = {isa = PBXFileReference; lastKnownFileType = sourcecode.swift; path = ContentView.swift; sourceTree = "<group>"; };
		C060AF362C1974D200D160A5 /* Assets.xcassets */ = {isa = PBXFileReference; lastKnownFileType = folder.assetcatalog; path = Assets.xcassets; sourceTree = "<group>"; };
		C060AF382C1974D200D160A5 /* Courtiq.entitlements */ = {isa = PBXFileReference; lastKnownFileType = text.plist.entitlements; path = Courtiq.entitlements; sourceTree = "<group>"; };
		C060AF3A2C1974D200D160A5 /* Preview Assets.xcassets */ = {isa = PBXFileReference; lastKnownFileType = folder.assetcatalog; path = "Preview Assets.xcassets"; sourceTree = "<group>"; };
		C060AF402C1974D200D160A5 /* CourtiqTests.xctest */ = {isa = PBXFileReference; explicitFileType = wrapper.cfbundle; includeInIndex = 0; path = CourtiqTests.xctest; sourceTree = BUILT_PRODUCTS_DIR; };
		C060AF442C1974D200D160A5 /* CourtiqTests.swift */ = {isa = PBXFileReference; lastKnownFileType = sourcecode.swift; path = CourtiqTests.swift; sourceTree = "<group>"; };
		C060AF4A2C1974D200D160A5 /* CourtiqUITests.xctest */ = {isa = PBXFileReference; explicitFileType = wrapper.cfbundle; includeInIndex = 0; path = CourtiqUITests.xctest; sourceTree = BUILT_PRODUCTS_DIR; };
		C060AF4E2C1974D200D160A5 /* CourtiqUITests.swift */ = {isa = PBXFileReference; lastKnownFileType = sourcecode.swift; path = CourtiqUITests.swift; sourceTree = "<group>"; };
		C060AF502C1974D200D160A5 /* CourtiqUITestsLaunchTests.swift */ = {isa = PBXFileReference; lastKnownFileType = sourcecode.swift; path = CourtiqUITestsLaunchTests.swift; sourceTree = "<group>"; };
		C062D2C32C3BEB9400ABF5A8 /* ProfileView.swift */ = {isa = PBXFileReference; lastKnownFileType = sourcecode.swift; path = ProfileView.swift; sourceTree = "<group>"; };
		C062D2C52C3BEB9B00ABF5A8 /* TennisView.swift */ = {isa = PBXFileReference; lastKnownFileType = sourcecode.swift; path = TennisView.swift; sourceTree = "<group>"; };
		C062D2C72C3BEEEC00ABF5A8 /* HomeView.swift */ = {isa = PBXFileReference; lastKnownFileType = sourcecode.swift; path = HomeView.swift; sourceTree = "<group>"; };
		C062D2C92C3BEFBC00ABF5A8 /* BaseTabPageView.swift */ = {isa = PBXFileReference; lastKnownFileType = sourcecode.swift; path = BaseTabPageView.swift; sourceTree = "<group>"; };
		C067FEAA2C5AEE3F0089C7E9 /* TennisVM.swift */ = {isa = PBXFileReference; lastKnownFileType = sourcecode.swift; path = TennisVM.swift; sourceTree = "<group>"; };
		C067FEAC2C5AF0E70089C7E9 /* AddStringView.swift */ = {isa = PBXFileReference; lastKnownFileType = sourcecode.swift; path = AddStringView.swift; sourceTree = "<group>"; };
		C067FEB02C5AF37A0089C7E9 /* NunitoSans.ttf */ = {isa = PBXFileReference; lastKnownFileType = file; path = NunitoSans.ttf; sourceTree = "<group>"; };
		C067FEB22C5B001E0089C7E9 /* MatchUpFormInfoView.swift */ = {isa = PBXFileReference; lastKnownFileType = sourcecode.swift; path = MatchUpFormInfoView.swift; sourceTree = "<group>"; };
		C067FEB52C5B071C0089C7E9 /* StringEntryService */ = {isa = PBXFileReference; lastKnownFileType = wrapper; path = StringEntryService; sourceTree = "<group>"; };
		C07A2DB72C297FE0006DDF6F /* HomeBaseTabsView.swift */ = {isa = PBXFileReference; fileEncoding = 4; lastKnownFileType = sourcecode.swift; path = HomeBaseTabsView.swift; sourceTree = "<group>"; };
		C07A2DB82C297FE0006DDF6F /* SearchView.swift */ = {isa = PBXFileReference; fileEncoding = 4; lastKnownFileType = sourcecode.swift; path = SearchView.swift; sourceTree = "<group>"; };
		C0889DDC2C2BA5700081BF59 /* AppRouter.swift */ = {isa = PBXFileReference; lastKnownFileType = sourcecode.swift; path = AppRouter.swift; sourceTree = "<group>"; };
		C0889DDF2C2BEC9E0081BF59 /* ViewModel.swift */ = {isa = PBXFileReference; lastKnownFileType = sourcecode.swift; path = ViewModel.swift; sourceTree = "<group>"; };
		C0889DE12C2BFA4D0081BF59 /* Extensions.swift */ = {isa = PBXFileReference; lastKnownFileType = sourcecode.swift; path = Extensions.swift; sourceTree = "<group>"; };
		C0889DE92C2C0A770081BF59 /* AdditionalInfoView.swift */ = {isa = PBXFileReference; lastKnownFileType = sourcecode.swift; path = AdditionalInfoView.swift; sourceTree = "<group>"; };
		C0904D702C297489008B7B2E /* HomeBaseVM.swift */ = {isa = PBXFileReference; lastKnownFileType = sourcecode.swift; path = HomeBaseVM.swift; sourceTree = "<group>"; };
		C09138102C64AAFC00598535 /* XelaChart.swift */ = {isa = PBXFileReference; lastKnownFileType = sourcecode.swift; path = XelaChart.swift; sourceTree = "<group>"; };
		C09138122C64AB0F00598535 /* XelaBarChartBody.swift */ = {isa = PBXFileReference; fileEncoding = 4; lastKnownFileType = sourcecode.swift; path = XelaBarChartBody.swift; sourceTree = "<group>"; };
		C09138132C64AB0F00598535 /* XelaBarDatasets.swift */ = {isa = PBXFileReference; fileEncoding = 4; lastKnownFileType = sourcecode.swift; path = XelaBarDatasets.swift; sourceTree = "<group>"; };
		C09138142C64AB0F00598535 /* XelaChartDataset.swift */ = {isa = PBXFileReference; fileEncoding = 4; lastKnownFileType = sourcecode.swift; path = XelaChartDataset.swift; sourceTree = "<group>"; };
		C09138152C64AB0F00598535 /* XelaChartLineShape.swift */ = {isa = PBXFileReference; fileEncoding = 4; lastKnownFileType = sourcecode.swift; path = XelaChartLineShape.swift; sourceTree = "<group>"; };
		C09138162C64AB0F00598535 /* XelaChartPieItemShape.swift */ = {isa = PBXFileReference; fileEncoding = 4; lastKnownFileType = sourcecode.swift; path = XelaChartPieItemShape.swift; sourceTree = "<group>"; };
		C09138172C64AB0F00598535 /* XelaChartType.swift */ = {isa = PBXFileReference; fileEncoding = 4; lastKnownFileType = sourcecode.swift; path = XelaChartType.swift; sourceTree = "<group>"; };
		C09138182C64AB0F00598535 /* XelaDoughnutChartBody.swift */ = {isa = PBXFileReference; fileEncoding = 4; lastKnownFileType = sourcecode.swift; path = XelaDoughnutChartBody.swift; sourceTree = "<group>"; };
		C09138192C64AB0F00598535 /* XelaDoughnutDatasets.swift */ = {isa = PBXFileReference; fileEncoding = 4; lastKnownFileType = sourcecode.swift; path = XelaDoughnutDatasets.swift; sourceTree = "<group>"; };
		C091381A2C64AB0F00598535 /* XelaLineChartBody.swift */ = {isa = PBXFileReference; fileEncoding = 4; lastKnownFileType = sourcecode.swift; path = XelaLineChartBody.swift; sourceTree = "<group>"; };
		C091381B2C64AB0F00598535 /* XelaLineDatasets.swift */ = {isa = PBXFileReference; fileEncoding = 4; lastKnownFileType = sourcecode.swift; path = XelaLineDatasets.swift; sourceTree = "<group>"; };
		C091381C2C64AB0F00598535 /* XelaPieChartBody.swift */ = {isa = PBXFileReference; fileEncoding = 4; lastKnownFileType = sourcecode.swift; path = XelaPieChartBody.swift; sourceTree = "<group>"; };
		C091381D2C64AB0F00598535 /* XelaPieDatasets.swift */ = {isa = PBXFileReference; fileEncoding = 4; lastKnownFileType = sourcecode.swift; path = XelaPieDatasets.swift; sourceTree = "<group>"; };
		C0AD6C412C373D990088E2B0 /* UserService */ = {isa = PBXFileReference; lastKnownFileType = wrapper; path = UserService; sourceTree = "<group>"; };
		C0B0C6F02C6055C800D56577 /* ProfileVM.swift */ = {isa = PBXFileReference; lastKnownFileType = sourcecode.swift; path = ProfileVM.swift; sourceTree = "<group>"; };
		C0B0C6F22C6062F800D56577 /* MatchUpVM.swift */ = {isa = PBXFileReference; lastKnownFileType = sourcecode.swift; path = MatchUpVM.swift; sourceTree = "<group>"; };
		C0B0C6F92C61933C00D56577 /* LoadingView.swift */ = {isa = PBXFileReference; lastKnownFileType = sourcecode.swift; path = LoadingView.swift; sourceTree = "<group>"; };
		C0B0C6FF2C61A07D00D56577 /* DataService */ = {isa = PBXFileReference; lastKnownFileType = wrapper; path = DataService; sourceTree = "<group>"; };
		C0BA4ED32C5C146B00C6F3F6 /* SideMenuView.swift */ = {isa = PBXFileReference; fileEncoding = 4; lastKnownFileType = sourcecode.swift; path = SideMenuView.swift; sourceTree = "<group>"; };
		C0C9FBB02C65688800E913DD /* AlgoliaController.swift */ = {isa = PBXFileReference; lastKnownFileType = sourcecode.swift; path = AlgoliaController.swift; sourceTree = "<group>"; };
		C0C9FBB22C65793100E913DD /* SearchListProfileItem.swift */ = {isa = PBXFileReference; lastKnownFileType = sourcecode.swift; path = SearchListProfileItem.swift; sourceTree = "<group>"; };
		C0C9FBB42C65B6FE00E913DD /* SideMenuVM.swift */ = {isa = PBXFileReference; lastKnownFileType = sourcecode.swift; path = SideMenuVM.swift; sourceTree = "<group>"; };
		C0C9FBB62C65BBEE00E913DD /* SearchVM.swift */ = {isa = PBXFileReference; lastKnownFileType = sourcecode.swift; path = SearchVM.swift; sourceTree = "<group>"; };
		C0C9FBB92C65E86000E913DD /* ProfileCardView.swift */ = {isa = PBXFileReference; lastKnownFileType = sourcecode.swift; path = ProfileCardView.swift; sourceTree = "<group>"; };
		C0C9FBBB2C65EB9700E913DD /* ActionItemRowView.swift */ = {isa = PBXFileReference; lastKnownFileType = sourcecode.swift; path = ActionItemRowView.swift; sourceTree = "<group>"; };
		C0CECA542C3F8625000F2032 /* MatchUpService */ = {isa = PBXFileReference; lastKnownFileType = wrapper; path = MatchUpService; sourceTree = "<group>"; };
		C0DA7F1C2C633F18005966C1 /* StatActionItemView.swift */ = {isa = PBXFileReference; lastKnownFileType = sourcecode.swift; path = StatActionItemView.swift; sourceTree = "<group>"; };
		C0DA7F1F2C640CE5005966C1 /* SettingsView.swift */ = {isa = PBXFileReference; lastKnownFileType = sourcecode.swift; path = SettingsView.swift; sourceTree = "<group>"; };
		C0F4A4FC2C1E80F0006B204C /* Info.plist */ = {isa = PBXFileReference; lastKnownFileType = text.plist.xml; path = Info.plist; sourceTree = "<group>"; };
		C0F58BBE2C29021000930364 /* AuthenticationWelcomeView.swift */ = {isa = PBXFileReference; lastKnownFileType = sourcecode.swift; path = AuthenticationWelcomeView.swift; sourceTree = "<group>"; };
		C0F58BD32C29525200930364 /* AuthenticationVM.swift */ = {isa = PBXFileReference; lastKnownFileType = sourcecode.swift; path = AuthenticationVM.swift; sourceTree = "<group>"; };
		C0FB31CF2C3CE64C0004D153 /* StorageService */ = {isa = PBXFileReference; lastKnownFileType = wrapper; path = StorageService; sourceTree = "<group>"; };
/* End PBXFileReference section */

/* Begin PBXFrameworksBuildPhase section */
		C060AF2A2C1974D100D160A5 /* Frameworks */ = {
			isa = PBXFrameworksBuildPhase;
			buildActionMask = 2147483647;
			files = (
				C0BA4ECE2C5B116D00C6F3F6 /* StorageService in Frameworks */,
				C067FEC32C5B11210089C7E9 /* AuthenticationService in Frameworks */,
				C067FEBD2C5B10B80089C7E9 /* RDDesignSystem in Frameworks */,
				C0BA4EDB2C5C39D100C6F3F6 /* MatchUpService in Frameworks */,
				C067FEBF2C5B10B80089C7E9 /* StringEntryService in Frameworks */,
				C067FEC12C5B10B80089C7E9 /* UserService in Frameworks */,
				C0C9FBAF2C65676200E913DD /* InstantSearchSwiftUI in Frameworks */,
				C02692392C62CFBE00B34F42 /* RelationshipService in Frameworks */,
			);
			runOnlyForDeploymentPostprocessing = 0;
		};
		C060AF3D2C1974D200D160A5 /* Frameworks */ = {
			isa = PBXFrameworksBuildPhase;
			buildActionMask = 2147483647;
			files = (
			);
			runOnlyForDeploymentPostprocessing = 0;
		};
		C060AF472C1974D200D160A5 /* Frameworks */ = {
			isa = PBXFrameworksBuildPhase;
			buildActionMask = 2147483647;
			files = (
			);
			runOnlyForDeploymentPostprocessing = 0;
		};
/* End PBXFrameworksBuildPhase section */

/* Begin PBXGroup section */
		C04935EB2C41C217002E68B5 /* MatchUp */ = {
			isa = PBXGroup;
			children = (
				C067FEB22C5B001E0089C7E9 /* MatchUpFormInfoView.swift */,
				C0B0C6F22C6062F800D56577 /* MatchUpVM.swift */,
				C01BFBFA2C69BEEF00184E1B /* MatchUpFormFormatView.swift */,
				C01BFC062C6A028800184E1B /* MatchUpFormFormatSetView.swift */,
				C01BFC082C6A039800184E1B /* MatchUpFormFormatTiebreakView.swift */,
			);
			path = MatchUp;
			sourceTree = "<group>";
		};
		C0495D892C1E544E00E6D023 /* Authentication */ = {
			isa = PBXGroup;
			children = (
				C0F58BC02C29022200930364 /* ReusableViews */,
				C0495D982C1E551A00E6D023 /* Views */,
				C0F58BD32C29525200930364 /* AuthenticationVM.swift */,
			);
			path = Authentication;
			sourceTree = "<group>";
		};
		C0495D8A2C1E545700E6D023 /* HomeBase */ = {
			isa = PBXGroup;
			children = (
				C07A2DB92C297FE0006DDF6F /* View */,
				C0904D702C297489008B7B2E /* HomeBaseVM.swift */,
				C062D2C92C3BEFBC00ABF5A8 /* BaseTabPageView.swift */,
			);
			path = HomeBase;
			sourceTree = "<group>";
		};
		C0495D982C1E551A00E6D023 /* Views */ = {
			isa = PBXGroup;
			children = (
				C0F58BBE2C29021000930364 /* AuthenticationWelcomeView.swift */,
				C0495D922C1E54D100E6D023 /* ForgotPasswordView.swift */,
				C0495D8B2C1E546800E6D023 /* SignInView.swift */,
				C0495D902C1E54C700E6D023 /* SignUpView.swift */,
				C0889DE92C2C0A770081BF59 /* AdditionalInfoView.swift */,
			);
			path = Views;
			sourceTree = "<group>";
		};
		C060AF242C1974D100D160A5 = {
			isa = PBXGroup;
			children = (
				C060AF5D2C19752F00D160A5 /* Packages */,
				C060AF2F2C1974D100D160A5 /* Courtiq */,
				C060AF432C1974D200D160A5 /* CourtiqTests */,
				C060AF4D2C1974D200D160A5 /* CourtiqUITests */,
				C060AF2E2C1974D100D160A5 /* Products */,
				C0F4A4FD2C1E8119006B204C /* Frameworks */,
			);
			sourceTree = "<group>";
		};
		C060AF2E2C1974D100D160A5 /* Products */ = {
			isa = PBXGroup;
			children = (
				C060AF2D2C1974D100D160A5 /* Courtiq.app */,
				C060AF402C1974D200D160A5 /* CourtiqTests.xctest */,
				C060AF4A2C1974D200D160A5 /* CourtiqUITests.xctest */,
			);
			name = Products;
			sourceTree = "<group>";
		};
		C060AF2F2C1974D100D160A5 /* Courtiq */ = {
			isa = PBXGroup;
			children = (
				C0889DDC2C2BA5700081BF59 /* AppRouter.swift */,
				C060AF322C1974D100D160A5 /* ContentView.swift */,
				C060AF302C1974D100D160A5 /* CourtiqApp.swift */,
				C0495D892C1E544E00E6D023 /* Authentication */,
				C091381E2C64AB0F00598535 /* Chart */,
				C062D2BF2C3BEB2C00ABF5A8 /* Home */,
				C0495D8A2C1E545700E6D023 /* HomeBase */,
				C04935EB2C41C217002E68B5 /* MatchUp */,
				C062D2C12C3BEB3A00ABF5A8 /* Profile */,
				C0DA7F1E2C640CC1005966C1 /* Settings */,
				C062D2C02C3BEB3300ABF5A8 /* Search */,
				C062D2C22C3BEB4200ABF5A8 /* Tennis */,
				C0889DDE2C2BEC930081BF59 /* Utils */,
				C0495D812C1E4FB800E6D023 /* GoogleService-Info.plist */,
				C0F4A4FC2C1E80F0006B204C /* Info.plist */,
				C060AF362C1974D200D160A5 /* Assets.xcassets */,
				C067FEB02C5AF37A0089C7E9 /* NunitoSans.ttf */,
				C060AF382C1974D200D160A5 /* Courtiq.entitlements */,
				C060AF392C1974D200D160A5 /* Preview Content */,
			);
			path = Courtiq;
			sourceTree = "<group>";
		};
		C060AF392C1974D200D160A5 /* Preview Content */ = {
			isa = PBXGroup;
			children = (
				C060AF3A2C1974D200D160A5 /* Preview Assets.xcassets */,
			);
			path = "Preview Content";
			sourceTree = "<group>";
		};
		C060AF432C1974D200D160A5 /* CourtiqTests */ = {
			isa = PBXGroup;
			children = (
				C060AF442C1974D200D160A5 /* CourtiqTests.swift */,
			);
			path = CourtiqTests;
			sourceTree = "<group>";
		};
		C060AF4D2C1974D200D160A5 /* CourtiqUITests */ = {
			isa = PBXGroup;
			children = (
				C060AF4E2C1974D200D160A5 /* CourtiqUITests.swift */,
				C060AF502C1974D200D160A5 /* CourtiqUITestsLaunchTests.swift */,
			);
			path = CourtiqUITests;
			sourceTree = "<group>";
		};
		C060AF5D2C19752F00D160A5 /* Packages */ = {
			isa = PBXGroup;
			children = (
				C0495D7D2C1E430400E6D023 /* AuthenticationService */,
				C0B0C6FF2C61A07D00D56577 /* DataService */,
				C0CECA542C3F8625000F2032 /* MatchUpService */,
				C0495DA12C1E606700E6D023 /* RDDesignSystem */,
				C026923B2C62D01300B34F42 /* RelationshipService */,
				C067FEB52C5B071C0089C7E9 /* StringEntryService */,
				C0FB31CF2C3CE64C0004D153 /* StorageService */,
				C0AD6C412C373D990088E2B0 /* UserService */,
			);
			path = Packages;
			sourceTree = "<group>";
		};
		C062D2BF2C3BEB2C00ABF5A8 /* Home */ = {
			isa = PBXGroup;
			children = (
				C062D2C72C3BEEEC00ABF5A8 /* HomeView.swift */,
			);
			path = Home;
			sourceTree = "<group>";
		};
		C062D2C02C3BEB3300ABF5A8 /* Search */ = {
			isa = PBXGroup;
			children = (
				C07A2DB82C297FE0006DDF6F /* SearchView.swift */,
				C0C9FBB22C65793100E913DD /* SearchListProfileItem.swift */,
				C0C9FBB62C65BBEE00E913DD /* SearchVM.swift */,
				C01BFC0A2C6A0BDC00184E1B /* SearchProfileDetailView.swift */,
			);
			path = Search;
			sourceTree = "<group>";
		};
		C062D2C12C3BEB3A00ABF5A8 /* Profile */ = {
			isa = PBXGroup;
			children = (
				C0C9FBB82C65E80800E913DD /* ProfileCardView */,
				C062D2C32C3BEB9400ABF5A8 /* ProfileView.swift */,
				C0B0C6F02C6055C800D56577 /* ProfileVM.swift */,
				C01BFBF62C68293300184E1B /* ProfileClubsListView.swift */,
			);
			path = Profile;
			sourceTree = "<group>";
		};
		C062D2C22C3BEB4200ABF5A8 /* Tennis */ = {
			isa = PBXGroup;
			children = (
				C067FEAA2C5AEE3F0089C7E9 /* TennisVM.swift */,
				C067FEB42C5B02B70089C7E9 /* Views */,
			);
			path = Tennis;
			sourceTree = "<group>";
		};
		C067FEB42C5B02B70089C7E9 /* Views */ = {
			isa = PBXGroup;
			children = (
				C067FEAC2C5AF0E70089C7E9 /* AddStringView.swift */,
				C062D2C52C3BEB9B00ABF5A8 /* TennisView.swift */,
			);
			path = Views;
			sourceTree = "<group>";
		};
		C07A2DB92C297FE0006DDF6F /* View */ = {
			isa = PBXGroup;
			children = (
				C0BA4ED32C5C146B00C6F3F6 /* SideMenuView.swift */,
				C02E71F52C2CA95300830E2B /* HomeRootFlowView.swift */,
				C07A2DB72C297FE0006DDF6F /* HomeBaseTabsView.swift */,
				C0C9FBB42C65B6FE00E913DD /* SideMenuVM.swift */,
			);
			path = View;
			sourceTree = "<group>";
		};
		C0889DDE2C2BEC930081BF59 /* Utils */ = {
			isa = PBXGroup;
			children = (
				C0889DDF2C2BEC9E0081BF59 /* ViewModel.swift */,
				C0889DE12C2BFA4D0081BF59 /* Extensions.swift */,
				C0B0C6F92C61933C00D56577 /* LoadingView.swift */,
				C0C9FBB02C65688800E913DD /* AlgoliaController.swift */,
				C01BFBF82C698C5000184E1B /* CountryManager.swift */,
			);
			path = Utils;
			sourceTree = "<group>";
		};
		C091381E2C64AB0F00598535 /* Chart */ = {
			isa = PBXGroup;
			children = (
				C09138102C64AAFC00598535 /* XelaChart.swift */,
				C09138122C64AB0F00598535 /* XelaBarChartBody.swift */,
				C09138132C64AB0F00598535 /* XelaBarDatasets.swift */,
				C09138142C64AB0F00598535 /* XelaChartDataset.swift */,
				C09138152C64AB0F00598535 /* XelaChartLineShape.swift */,
				C09138162C64AB0F00598535 /* XelaChartPieItemShape.swift */,
				C09138172C64AB0F00598535 /* XelaChartType.swift */,
				C09138182C64AB0F00598535 /* XelaDoughnutChartBody.swift */,
				C09138192C64AB0F00598535 /* XelaDoughnutDatasets.swift */,
				C091381A2C64AB0F00598535 /* XelaLineChartBody.swift */,
				C091381B2C64AB0F00598535 /* XelaLineDatasets.swift */,
				C091381C2C64AB0F00598535 /* XelaPieChartBody.swift */,
				C091381D2C64AB0F00598535 /* XelaPieDatasets.swift */,
			);
			path = Chart;
			sourceTree = "<group>";
		};
		C0C9FBB82C65E80800E913DD /* ProfileCardView */ = {
			isa = PBXGroup;
			children = (
				C0DA7F1C2C633F18005966C1 /* StatActionItemView.swift */,
				C0C9FBB92C65E86000E913DD /* ProfileCardView.swift */,
				C0C9FBBB2C65EB9700E913DD /* ActionItemRowView.swift */,
			);
			path = ProfileCardView;
			sourceTree = "<group>";
		};
		C0DA7F1E2C640CC1005966C1 /* Settings */ = {
			isa = PBXGroup;
			children = (
				C0DA7F1F2C640CE5005966C1 /* SettingsView.swift */,
			);
			path = Settings;
			sourceTree = "<group>";
		};
		C0F4A4FD2C1E8119006B204C /* Frameworks */ = {
			isa = PBXGroup;
			children = (
			);
			name = Frameworks;
			sourceTree = "<group>";
		};
		C0F58BC02C29022200930364 /* ReusableViews */ = {
			isa = PBXGroup;
			children = (
				C0495D992C1E5C3A00E6D023 /* MarqueeView.swift */,
			);
			path = ReusableViews;
			sourceTree = "<group>";
		};
/* End PBXGroup section */

/* Begin PBXNativeTarget section */
		C060AF2C2C1974D100D160A5 /* Courtiq */ = {
			isa = PBXNativeTarget;
			buildConfigurationList = C060AF542C1974D200D160A5 /* Build configuration list for PBXNativeTarget "Courtiq" */;
			buildPhases = (
				C060AF292C1974D100D160A5 /* Sources */,
				C060AF2A2C1974D100D160A5 /* Frameworks */,
				C060AF2B2C1974D100D160A5 /* Resources */,
			);
			buildRules = (
			);
			dependencies = (
			);
			name = Courtiq;
			packageProductDependencies = (
				C067FEBC2C5B10B80089C7E9 /* RDDesignSystem */,
				C067FEBE2C5B10B80089C7E9 /* StringEntryService */,
				C067FEC02C5B10B80089C7E9 /* UserService */,
				C067FEC22C5B11210089C7E9 /* AuthenticationService */,
				C0BA4ECD2C5B116D00C6F3F6 /* StorageService */,
				C0BA4EDA2C5C39D100C6F3F6 /* MatchUpService */,
				C02692382C62CFBE00B34F42 /* RelationshipService */,
				C0C9FBAE2C65676200E913DD /* InstantSearchSwiftUI */,
			);
			productName = Courtiq;
			productReference = C060AF2D2C1974D100D160A5 /* Courtiq.app */;
			productType = "com.apple.product-type.application";
		};
		C060AF3F2C1974D200D160A5 /* CourtiqTests */ = {
			isa = PBXNativeTarget;
			buildConfigurationList = C060AF572C1974D200D160A5 /* Build configuration list for PBXNativeTarget "CourtiqTests" */;
			buildPhases = (
				C060AF3C2C1974D200D160A5 /* Sources */,
				C060AF3D2C1974D200D160A5 /* Frameworks */,
				C060AF3E2C1974D200D160A5 /* Resources */,
			);
			buildRules = (
			);
			dependencies = (
				C060AF422C1974D200D160A5 /* PBXTargetDependency */,
			);
			name = CourtiqTests;
			productName = CourtiqTests;
			productReference = C060AF402C1974D200D160A5 /* CourtiqTests.xctest */;
			productType = "com.apple.product-type.bundle.unit-test";
		};
		C060AF492C1974D200D160A5 /* CourtiqUITests */ = {
			isa = PBXNativeTarget;
			buildConfigurationList = C060AF5A2C1974D200D160A5 /* Build configuration list for PBXNativeTarget "CourtiqUITests" */;
			buildPhases = (
				C060AF462C1974D200D160A5 /* Sources */,
				C060AF472C1974D200D160A5 /* Frameworks */,
				C060AF482C1974D200D160A5 /* Resources */,
			);
			buildRules = (
			);
			dependencies = (
				C060AF4C2C1974D200D160A5 /* PBXTargetDependency */,
			);
			name = CourtiqUITests;
			productName = CourtiqUITests;
			productReference = C060AF4A2C1974D200D160A5 /* CourtiqUITests.xctest */;
			productType = "com.apple.product-type.bundle.ui-testing";
		};
/* End PBXNativeTarget section */

/* Begin PBXProject section */
		C060AF252C1974D100D160A5 /* Project object */ = {
			isa = PBXProject;
			attributes = {
				BuildIndependentTargetsInParallel = 1;
				LastSwiftUpdateCheck = 1530;
				LastUpgradeCheck = 1530;
				TargetAttributes = {
					C060AF2C2C1974D100D160A5 = {
						CreatedOnToolsVersion = 15.3;
					};
					C060AF3F2C1974D200D160A5 = {
						CreatedOnToolsVersion = 15.3;
						TestTargetID = C060AF2C2C1974D100D160A5;
					};
					C060AF492C1974D200D160A5 = {
						CreatedOnToolsVersion = 15.3;
						TestTargetID = C060AF2C2C1974D100D160A5;
					};
				};
			};
			buildConfigurationList = C060AF282C1974D100D160A5 /* Build configuration list for PBXProject "Courtiq" */;
			compatibilityVersion = "Xcode 14.0";
			developmentRegion = en;
			hasScannedForEncodings = 0;
			knownRegions = (
				en,
				Base,
			);
			mainGroup = C060AF242C1974D100D160A5;
			packageReferences = (
				C0495D7E2C1E45A100E6D023 /* XCLocalSwiftPackageReference "Packages/AuthenticationService" */,
				C0495D9B2C1E5F7F00E6D023 /* XCLocalSwiftPackageReference "Packages/RDDesignSystem" */,
				C0BA4ECC2C5B116D00C6F3F6 /* XCLocalSwiftPackageReference "Packages/StorageService" */,
				C0B0C6FC2C61A03300D56577 /* XCLocalSwiftPackageReference "Packages/DataService" */,
				C02692372C62CFBE00B34F42 /* XCLocalSwiftPackageReference "Packages/RelationshipService" */,
				C0C9FBA72C6565CD00E913DD /* XCRemoteSwiftPackageReference "instantsearch-ios" */,
			);
			productRefGroup = C060AF2E2C1974D100D160A5 /* Products */;
			projectDirPath = "";
			projectRoot = "";
			targets = (
				C060AF2C2C1974D100D160A5 /* Courtiq */,
				C060AF3F2C1974D200D160A5 /* CourtiqTests */,
				C060AF492C1974D200D160A5 /* CourtiqUITests */,
			);
		};
/* End PBXProject section */

/* Begin PBXResourcesBuildPhase section */
		C060AF2B2C1974D100D160A5 /* Resources */ = {
			isa = PBXResourcesBuildPhase;
			buildActionMask = 2147483647;
			files = (
				C05FC2A72C662CFF00818A49 /* RDDesignSystem in Resources */,
				C067FEB12C5AF45A0089C7E9 /* NunitoSans.ttf in Resources */,
				C060AF3B2C1974D200D160A5 /* Preview Assets.xcassets in Resources */,
				C0495D822C1E4FB800E6D023 /* GoogleService-Info.plist in Resources */,
				C060AF372C1974D200D160A5 /* Assets.xcassets in Resources */,
			);
			runOnlyForDeploymentPostprocessing = 0;
		};
		C060AF3E2C1974D200D160A5 /* Resources */ = {
			isa = PBXResourcesBuildPhase;
			buildActionMask = 2147483647;
			files = (
			);
			runOnlyForDeploymentPostprocessing = 0;
		};
		C060AF482C1974D200D160A5 /* Resources */ = {
			isa = PBXResourcesBuildPhase;
			buildActionMask = 2147483647;
			files = (
			);
			runOnlyForDeploymentPostprocessing = 0;
		};
/* End PBXResourcesBuildPhase section */

/* Begin PBXSourcesBuildPhase section */
		C060AF292C1974D100D160A5 /* Sources */ = {
			isa = PBXSourcesBuildPhase;
			buildActionMask = 2147483647;
			files = (
				C0889DE22C2BFA4D0081BF59 /* Extensions.swift in Sources */,
				C09138212C64AB0F00598535 /* XelaChartDataset.swift in Sources */,
				C09138292C64AB0F00598535 /* XelaPieChartBody.swift in Sources */,
				C067FEAB2C5AEE3F0089C7E9 /* TennisVM.swift in Sources */,
				C062D2C62C3BEB9B00ABF5A8 /* TennisView.swift in Sources */,
				C09138242C64AB0F00598535 /* XelaChartType.swift in Sources */,
				C0495D932C1E54D100E6D023 /* ForgotPasswordView.swift in Sources */,
				C07A2DBC2C297FE0006DDF6F /* HomeBaseTabsView.swift in Sources */,
				C09138232C64AB0F00598535 /* XelaChartPieItemShape.swift in Sources */,
				C091381F2C64AB0F00598535 /* XelaBarChartBody.swift in Sources */,
				C09138112C64AAFD00598535 /* XelaChart.swift in Sources */,
				C0B0C6FA2C61933C00D56577 /* LoadingView.swift in Sources */,
				C062D2C82C3BEEEC00ABF5A8 /* HomeView.swift in Sources */,
				C0C9FBB52C65B6FE00E913DD /* SideMenuVM.swift in Sources */,
				C01BFC072C6A028800184E1B /* MatchUpFormFormatSetView.swift in Sources */,
				C0B0C6F32C6062F800D56577 /* MatchUpVM.swift in Sources */,
				C09138222C64AB0F00598535 /* XelaChartLineShape.swift in Sources */,
				C0904D712C297489008B7B2E /* HomeBaseVM.swift in Sources */,
				C0C9FBB72C65BBEE00E913DD /* SearchVM.swift in Sources */,
				C01BFBF92C698C5000184E1B /* CountryManager.swift in Sources */,
				C01BFBF72C68293300184E1B /* ProfileClubsListView.swift in Sources */,
				C060AF332C1974D100D160A5 /* ContentView.swift in Sources */,
				C01BFC092C6A039800184E1B /* MatchUpFormFormatTiebreakView.swift in Sources */,
				C0BA4ED42C5C146C00C6F3F6 /* SideMenuView.swift in Sources */,
				C02E71F62C2CA95300830E2B /* HomeRootFlowView.swift in Sources */,
				C01BFBFB2C69BEEF00184E1B /* MatchUpFormFormatView.swift in Sources */,
				C091382A2C64AB0F00598535 /* XelaPieDatasets.swift in Sources */,
				C0889DEA2C2C0A770081BF59 /* AdditionalInfoView.swift in Sources */,
				C0DA7F1D2C633F18005966C1 /* StatActionItemView.swift in Sources */,
				C0889DE02C2BEC9E0081BF59 /* ViewModel.swift in Sources */,
				C07A2DBD2C297FE0006DDF6F /* SearchView.swift in Sources */,
				C062D2CA2C3BEFBC00ABF5A8 /* BaseTabPageView.swift in Sources */,
				C062D2C42C3BEB9400ABF5A8 /* ProfileView.swift in Sources */,
				C0C9FBBA2C65E86000E913DD /* ProfileCardView.swift in Sources */,
				C0C9FBB32C65793100E913DD /* SearchListProfileItem.swift in Sources */,
				C09138202C64AB0F00598535 /* XelaBarDatasets.swift in Sources */,
				C0889DDD2C2BA5700081BF59 /* AppRouter.swift in Sources */,
				C09138252C64AB0F00598535 /* XelaDoughnutChartBody.swift in Sources */,
				C0495D912C1E54C700E6D023 /* SignUpView.swift in Sources */,
				C01BFC0B2C6A0BDC00184E1B /* SearchProfileDetailView.swift in Sources */,
				C09138282C64AB0F00598535 /* XelaLineDatasets.swift in Sources */,
				C09138262C64AB0F00598535 /* XelaDoughnutDatasets.swift in Sources */,
				C0B0C6F12C6055C800D56577 /* ProfileVM.swift in Sources */,
				C0495D8C2C1E546800E6D023 /* SignInView.swift in Sources */,
				C0F58BBF2C29021000930364 /* AuthenticationWelcomeView.swift in Sources */,
				C067FEAD2C5AF0E70089C7E9 /* AddStringView.swift in Sources */,
				C0F58BD42C29525200930364 /* AuthenticationVM.swift in Sources */,
				C0C9FBB12C65688800E913DD /* AlgoliaController.swift in Sources */,
				C067FEB32C5B001E0089C7E9 /* MatchUpFormInfoView.swift in Sources */,
				C060AF312C1974D100D160A5 /* CourtiqApp.swift in Sources */,
				C0DA7F202C640CE5005966C1 /* SettingsView.swift in Sources */,
				C0495D9A2C1E5C3A00E6D023 /* MarqueeView.swift in Sources */,
				C0C9FBBC2C65EB9700E913DD /* ActionItemRowView.swift in Sources */,
				C09138272C64AB0F00598535 /* XelaLineChartBody.swift in Sources */,
			);
			runOnlyForDeploymentPostprocessing = 0;
		};
		C060AF3C2C1974D200D160A5 /* Sources */ = {
			isa = PBXSourcesBuildPhase;
			buildActionMask = 2147483647;
			files = (
				C060AF452C1974D200D160A5 /* CourtiqTests.swift in Sources */,
			);
			runOnlyForDeploymentPostprocessing = 0;
		};
		C060AF462C1974D200D160A5 /* Sources */ = {
			isa = PBXSourcesBuildPhase;
			buildActionMask = 2147483647;
			files = (
				C060AF512C1974D200D160A5 /* CourtiqUITestsLaunchTests.swift in Sources */,
				C060AF4F2C1974D200D160A5 /* CourtiqUITests.swift in Sources */,
			);
			runOnlyForDeploymentPostprocessing = 0;
		};
/* End PBXSourcesBuildPhase section */

/* Begin PBXTargetDependency section */
		C060AF422C1974D200D160A5 /* PBXTargetDependency */ = {
			isa = PBXTargetDependency;
			target = C060AF2C2C1974D100D160A5 /* Courtiq */;
			targetProxy = C060AF412C1974D200D160A5 /* PBXContainerItemProxy */;
		};
		C060AF4C2C1974D200D160A5 /* PBXTargetDependency */ = {
			isa = PBXTargetDependency;
			target = C060AF2C2C1974D100D160A5 /* Courtiq */;
			targetProxy = C060AF4B2C1974D200D160A5 /* PBXContainerItemProxy */;
		};
/* End PBXTargetDependency section */

/* Begin XCBuildConfiguration section */
		C060AF522C1974D200D160A5 /* Debug */ = {
			isa = XCBuildConfiguration;
			buildSettings = {
				ALWAYS_SEARCH_USER_PATHS = NO;
				ASSETCATALOG_COMPILER_GENERATE_SWIFT_ASSET_SYMBOL_EXTENSIONS = YES;
				CLANG_ANALYZER_NONNULL = YES;
				CLANG_ANALYZER_NUMBER_OBJECT_CONVERSION = YES_AGGRESSIVE;
				CLANG_CXX_LANGUAGE_STANDARD = "gnu++20";
				CLANG_ENABLE_MODULES = YES;
				CLANG_ENABLE_OBJC_ARC = YES;
				CLANG_ENABLE_OBJC_WEAK = YES;
				CLANG_WARN_BLOCK_CAPTURE_AUTORELEASING = YES;
				CLANG_WARN_BOOL_CONVERSION = YES;
				CLANG_WARN_COMMA = YES;
				CLANG_WARN_CONSTANT_CONVERSION = YES;
				CLANG_WARN_DEPRECATED_OBJC_IMPLEMENTATIONS = YES;
				CLANG_WARN_DIRECT_OBJC_ISA_USAGE = YES_ERROR;
				CLANG_WARN_DOCUMENTATION_COMMENTS = YES;
				CLANG_WARN_EMPTY_BODY = YES;
				CLANG_WARN_ENUM_CONVERSION = YES;
				CLANG_WARN_INFINITE_RECURSION = YES;
				CLANG_WARN_INT_CONVERSION = YES;
				CLANG_WARN_NON_LITERAL_NULL_CONVERSION = YES;
				CLANG_WARN_OBJC_IMPLICIT_RETAIN_SELF = YES;
				CLANG_WARN_OBJC_LITERAL_CONVERSION = YES;
				CLANG_WARN_OBJC_ROOT_CLASS = YES_ERROR;
				CLANG_WARN_QUOTED_INCLUDE_IN_FRAMEWORK_HEADER = YES;
				CLANG_WARN_RANGE_LOOP_ANALYSIS = YES;
				CLANG_WARN_STRICT_PROTOTYPES = YES;
				CLANG_WARN_SUSPICIOUS_MOVE = YES;
				CLANG_WARN_UNGUARDED_AVAILABILITY = YES_AGGRESSIVE;
				CLANG_WARN_UNREACHABLE_CODE = YES;
				CLANG_WARN__DUPLICATE_METHOD_MATCH = YES;
				COPY_PHASE_STRIP = NO;
				DEBUG_INFORMATION_FORMAT = dwarf;
				ENABLE_STRICT_OBJC_MSGSEND = YES;
				ENABLE_TESTABILITY = YES;
				ENABLE_USER_SCRIPT_SANDBOXING = YES;
				GCC_C_LANGUAGE_STANDARD = gnu17;
				GCC_DYNAMIC_NO_PIC = NO;
				GCC_NO_COMMON_BLOCKS = YES;
				GCC_OPTIMIZATION_LEVEL = 0;
				GCC_PREPROCESSOR_DEFINITIONS = (
					"DEBUG=1",
					"$(inherited)",
				);
				GCC_WARN_64_TO_32_BIT_CONVERSION = YES;
				GCC_WARN_ABOUT_RETURN_TYPE = YES_ERROR;
				GCC_WARN_UNDECLARED_SELECTOR = YES;
				GCC_WARN_UNINITIALIZED_AUTOS = YES_AGGRESSIVE;
				GCC_WARN_UNUSED_FUNCTION = YES;
				GCC_WARN_UNUSED_VARIABLE = YES;
				IPHONEOS_DEPLOYMENT_TARGET = 16.0;
				LOCALIZATION_PREFERS_STRING_CATALOGS = YES;
				MTL_ENABLE_DEBUG_INFO = INCLUDE_SOURCE;
				MTL_FAST_MATH = YES;
				ONLY_ACTIVE_ARCH = YES;
				SWIFT_ACTIVE_COMPILATION_CONDITIONS = "DEBUG $(inherited)";
				SWIFT_OPTIMIZATION_LEVEL = "-Onone";
			};
			name = Debug;
		};
		C060AF532C1974D200D160A5 /* Release */ = {
			isa = XCBuildConfiguration;
			buildSettings = {
				ALWAYS_SEARCH_USER_PATHS = NO;
				ASSETCATALOG_COMPILER_GENERATE_SWIFT_ASSET_SYMBOL_EXTENSIONS = YES;
				CLANG_ANALYZER_NONNULL = YES;
				CLANG_ANALYZER_NUMBER_OBJECT_CONVERSION = YES_AGGRESSIVE;
				CLANG_CXX_LANGUAGE_STANDARD = "gnu++20";
				CLANG_ENABLE_MODULES = YES;
				CLANG_ENABLE_OBJC_ARC = YES;
				CLANG_ENABLE_OBJC_WEAK = YES;
				CLANG_WARN_BLOCK_CAPTURE_AUTORELEASING = YES;
				CLANG_WARN_BOOL_CONVERSION = YES;
				CLANG_WARN_COMMA = YES;
				CLANG_WARN_CONSTANT_CONVERSION = YES;
				CLANG_WARN_DEPRECATED_OBJC_IMPLEMENTATIONS = YES;
				CLANG_WARN_DIRECT_OBJC_ISA_USAGE = YES_ERROR;
				CLANG_WARN_DOCUMENTATION_COMMENTS = YES;
				CLANG_WARN_EMPTY_BODY = YES;
				CLANG_WARN_ENUM_CONVERSION = YES;
				CLANG_WARN_INFINITE_RECURSION = YES;
				CLANG_WARN_INT_CONVERSION = YES;
				CLANG_WARN_NON_LITERAL_NULL_CONVERSION = YES;
				CLANG_WARN_OBJC_IMPLICIT_RETAIN_SELF = YES;
				CLANG_WARN_OBJC_LITERAL_CONVERSION = YES;
				CLANG_WARN_OBJC_ROOT_CLASS = YES_ERROR;
				CLANG_WARN_QUOTED_INCLUDE_IN_FRAMEWORK_HEADER = YES;
				CLANG_WARN_RANGE_LOOP_ANALYSIS = YES;
				CLANG_WARN_STRICT_PROTOTYPES = YES;
				CLANG_WARN_SUSPICIOUS_MOVE = YES;
				CLANG_WARN_UNGUARDED_AVAILABILITY = YES_AGGRESSIVE;
				CLANG_WARN_UNREACHABLE_CODE = YES;
				CLANG_WARN__DUPLICATE_METHOD_MATCH = YES;
				COPY_PHASE_STRIP = NO;
				DEBUG_INFORMATION_FORMAT = "dwarf-with-dsym";
				ENABLE_NS_ASSERTIONS = NO;
				ENABLE_STRICT_OBJC_MSGSEND = YES;
				ENABLE_USER_SCRIPT_SANDBOXING = YES;
				GCC_C_LANGUAGE_STANDARD = gnu17;
				GCC_NO_COMMON_BLOCKS = YES;
				GCC_WARN_64_TO_32_BIT_CONVERSION = YES;
				GCC_WARN_ABOUT_RETURN_TYPE = YES_ERROR;
				GCC_WARN_UNDECLARED_SELECTOR = YES;
				GCC_WARN_UNINITIALIZED_AUTOS = YES_AGGRESSIVE;
				GCC_WARN_UNUSED_FUNCTION = YES;
				GCC_WARN_UNUSED_VARIABLE = YES;
				IPHONEOS_DEPLOYMENT_TARGET = 16.0;
				LOCALIZATION_PREFERS_STRING_CATALOGS = YES;
				MTL_ENABLE_DEBUG_INFO = NO;
				MTL_FAST_MATH = YES;
				SWIFT_COMPILATION_MODE = wholemodule;
			};
			name = Release;
		};
		C060AF552C1974D200D160A5 /* Debug */ = {
			isa = XCBuildConfiguration;
			buildSettings = {
				ASSETCATALOG_COMPILER_APPICON_NAME = AppIcon;
				ASSETCATALOG_COMPILER_GLOBAL_ACCENT_COLOR_NAME = AccentColor;
				ASSETCATALOG_COMPILER_INCLUDE_ALL_APPICON_ASSETS = YES;
				CODE_SIGN_ENTITLEMENTS = Courtiq/Courtiq.entitlements;
				CODE_SIGN_STYLE = Automatic;
				CURRENT_PROJECT_VERSION = 1;
				DEVELOPMENT_ASSET_PATHS = "Courtiq/Preview\\ Content Courtiq/NunitoSans.ttf";
				DEVELOPMENT_TEAM = Q8KFRAGT9K;
				ENABLE_HARDENED_RUNTIME = YES;
				ENABLE_PREVIEWS = YES;
				GENERATE_INFOPLIST_FILE = YES;
				INFOPLIST_FILE = Courtiq/Info.plist;
				INFOPLIST_KEY_CFBundleDisplayName = CourtIQ;
				"INFOPLIST_KEY_UIApplicationSceneManifest_Generation[sdk=iphoneos*]" = YES;
				"INFOPLIST_KEY_UIApplicationSceneManifest_Generation[sdk=iphonesimulator*]" = YES;
				"INFOPLIST_KEY_UIApplicationSupportsIndirectInputEvents[sdk=iphoneos*]" = YES;
				"INFOPLIST_KEY_UIApplicationSupportsIndirectInputEvents[sdk=iphonesimulator*]" = YES;
				"INFOPLIST_KEY_UILaunchScreen_Generation[sdk=iphoneos*]" = YES;
				"INFOPLIST_KEY_UILaunchScreen_Generation[sdk=iphonesimulator*]" = YES;
				INFOPLIST_KEY_UILaunchStoryboardName = "";
				INFOPLIST_KEY_UIStatusBarStyle = UIStatusBarStyleLightContent;
				"INFOPLIST_KEY_UIStatusBarStyle[sdk=iphoneos*]" = UIStatusBarStyleDefault;
				"INFOPLIST_KEY_UIStatusBarStyle[sdk=iphonesimulator*]" = UIStatusBarStyleDefault;
				INFOPLIST_KEY_UISupportedInterfaceOrientations_iPad = "UIInterfaceOrientationPortrait UIInterfaceOrientationPortraitUpsideDown UIInterfaceOrientationLandscapeLeft UIInterfaceOrientationLandscapeRight";
				INFOPLIST_KEY_UISupportedInterfaceOrientations_iPhone = "UIInterfaceOrientationPortrait UIInterfaceOrientationLandscapeLeft UIInterfaceOrientationLandscapeRight";
				IPHONEOS_DEPLOYMENT_TARGET = 16.0;
				LD_RUNPATH_SEARCH_PATHS = "@executable_path/Frameworks";
				"LD_RUNPATH_SEARCH_PATHS[sdk=macosx*]" = "@executable_path/../Frameworks";
				MARKETING_VERSION = 1.0;
				PRODUCT_BUNDLE_IDENTIFIER = "pranav-suri.com.Courtiq";
				PRODUCT_NAME = "$(TARGET_NAME)";
				SDKROOT = auto;
				SUPPORTED_PLATFORMS = "iphoneos iphonesimulator";
				SUPPORTS_MACCATALYST = NO;
				SWIFT_EMIT_LOC_STRINGS = YES;
				SWIFT_VERSION = 5.0;
				TARGETED_DEVICE_FAMILY = 1;
			};
			name = Debug;
		};
		C060AF562C1974D200D160A5 /* Release */ = {
			isa = XCBuildConfiguration;
			buildSettings = {
				ASSETCATALOG_COMPILER_APPICON_NAME = AppIcon;
				ASSETCATALOG_COMPILER_GLOBAL_ACCENT_COLOR_NAME = AccentColor;
				ASSETCATALOG_COMPILER_INCLUDE_ALL_APPICON_ASSETS = YES;
				CODE_SIGN_ENTITLEMENTS = Courtiq/Courtiq.entitlements;
				CODE_SIGN_STYLE = Automatic;
				CURRENT_PROJECT_VERSION = 1;
				DEVELOPMENT_ASSET_PATHS = "Courtiq/Preview\\ Content Courtiq/NunitoSans.ttf";
				DEVELOPMENT_TEAM = Q8KFRAGT9K;
				ENABLE_HARDENED_RUNTIME = YES;
				ENABLE_PREVIEWS = YES;
				GENERATE_INFOPLIST_FILE = YES;
				INFOPLIST_FILE = Courtiq/Info.plist;
				INFOPLIST_KEY_CFBundleDisplayName = CourtIQ;
				"INFOPLIST_KEY_UIApplicationSceneManifest_Generation[sdk=iphoneos*]" = YES;
				"INFOPLIST_KEY_UIApplicationSceneManifest_Generation[sdk=iphonesimulator*]" = YES;
				"INFOPLIST_KEY_UIApplicationSupportsIndirectInputEvents[sdk=iphoneos*]" = YES;
				"INFOPLIST_KEY_UIApplicationSupportsIndirectInputEvents[sdk=iphonesimulator*]" = YES;
				"INFOPLIST_KEY_UILaunchScreen_Generation[sdk=iphoneos*]" = YES;
				"INFOPLIST_KEY_UILaunchScreen_Generation[sdk=iphonesimulator*]" = YES;
				INFOPLIST_KEY_UILaunchStoryboardName = "";
				INFOPLIST_KEY_UIStatusBarStyle = UIStatusBarStyleLightContent;
				"INFOPLIST_KEY_UIStatusBarStyle[sdk=iphoneos*]" = UIStatusBarStyleDefault;
				"INFOPLIST_KEY_UIStatusBarStyle[sdk=iphonesimulator*]" = UIStatusBarStyleDefault;
				INFOPLIST_KEY_UISupportedInterfaceOrientations_iPad = "UIInterfaceOrientationPortrait UIInterfaceOrientationPortraitUpsideDown UIInterfaceOrientationLandscapeLeft UIInterfaceOrientationLandscapeRight";
				INFOPLIST_KEY_UISupportedInterfaceOrientations_iPhone = "UIInterfaceOrientationPortrait UIInterfaceOrientationLandscapeLeft UIInterfaceOrientationLandscapeRight";
				IPHONEOS_DEPLOYMENT_TARGET = 16.0;
				LD_RUNPATH_SEARCH_PATHS = "@executable_path/Frameworks";
				"LD_RUNPATH_SEARCH_PATHS[sdk=macosx*]" = "@executable_path/../Frameworks";
				MARKETING_VERSION = 1.0;
				PRODUCT_BUNDLE_IDENTIFIER = "pranav-suri.com.Courtiq";
				PRODUCT_NAME = "$(TARGET_NAME)";
				SDKROOT = auto;
				SUPPORTED_PLATFORMS = "iphoneos iphonesimulator";
				SUPPORTS_MACCATALYST = NO;
				SWIFT_EMIT_LOC_STRINGS = YES;
				SWIFT_VERSION = 5.0;
				TARGETED_DEVICE_FAMILY = 1;
			};
			name = Release;
		};
		C060AF582C1974D200D160A5 /* Debug */ = {
			isa = XCBuildConfiguration;
			buildSettings = {
				ALWAYS_EMBED_SWIFT_STANDARD_LIBRARIES = YES;
				BUNDLE_LOADER = "$(TEST_HOST)";
				CODE_SIGN_STYLE = Automatic;
				CURRENT_PROJECT_VERSION = 1;
				DEVELOPMENT_TEAM = Q8KFRAGT9K;
				GENERATE_INFOPLIST_FILE = YES;
				IPHONEOS_DEPLOYMENT_TARGET = 17.4;
				MACOSX_DEPLOYMENT_TARGET = 14.4;
				MARKETING_VERSION = 1.0;
				PRODUCT_BUNDLE_IDENTIFIER = rocketdestroyer.com.CourtiqTests;
				PRODUCT_NAME = "$(TARGET_NAME)";
				SDKROOT = auto;
				SUPPORTED_PLATFORMS = "iphoneos iphonesimulator macosx";
				SWIFT_EMIT_LOC_STRINGS = NO;
				SWIFT_VERSION = 5.0;
				TARGETED_DEVICE_FAMILY = "1,2";
				TEST_HOST = "$(BUILT_PRODUCTS_DIR)/Courtiq.app/$(BUNDLE_EXECUTABLE_FOLDER_PATH)/Courtiq";
			};
			name = Debug;
		};
		C060AF592C1974D200D160A5 /* Release */ = {
			isa = XCBuildConfiguration;
			buildSettings = {
				ALWAYS_EMBED_SWIFT_STANDARD_LIBRARIES = YES;
				BUNDLE_LOADER = "$(TEST_HOST)";
				CODE_SIGN_STYLE = Automatic;
				CURRENT_PROJECT_VERSION = 1;
				DEVELOPMENT_TEAM = Q8KFRAGT9K;
				GENERATE_INFOPLIST_FILE = YES;
				IPHONEOS_DEPLOYMENT_TARGET = 17.4;
				MACOSX_DEPLOYMENT_TARGET = 14.4;
				MARKETING_VERSION = 1.0;
				PRODUCT_BUNDLE_IDENTIFIER = rocketdestroyer.com.CourtiqTests;
				PRODUCT_NAME = "$(TARGET_NAME)";
				SDKROOT = auto;
				SUPPORTED_PLATFORMS = "iphoneos iphonesimulator macosx";
				SWIFT_EMIT_LOC_STRINGS = NO;
				SWIFT_VERSION = 5.0;
				TARGETED_DEVICE_FAMILY = "1,2";
				TEST_HOST = "$(BUILT_PRODUCTS_DIR)/Courtiq.app/$(BUNDLE_EXECUTABLE_FOLDER_PATH)/Courtiq";
			};
			name = Release;
		};
		C060AF5B2C1974D200D160A5 /* Debug */ = {
			isa = XCBuildConfiguration;
			buildSettings = {
				ALWAYS_EMBED_SWIFT_STANDARD_LIBRARIES = YES;
				CODE_SIGN_STYLE = Automatic;
				CURRENT_PROJECT_VERSION = 1;
				DEVELOPMENT_TEAM = Q8KFRAGT9K;
				GENERATE_INFOPLIST_FILE = YES;
				IPHONEOS_DEPLOYMENT_TARGET = 17.4;
				MACOSX_DEPLOYMENT_TARGET = 14.4;
				MARKETING_VERSION = 1.0;
				PRODUCT_BUNDLE_IDENTIFIER = rocketdestroyer.com.CourtiqUITests;
				PRODUCT_NAME = "$(TARGET_NAME)";
				SDKROOT = auto;
				SUPPORTED_PLATFORMS = "iphoneos iphonesimulator macosx";
				SWIFT_EMIT_LOC_STRINGS = NO;
				SWIFT_VERSION = 5.0;
				TARGETED_DEVICE_FAMILY = "1,2";
				TEST_TARGET_NAME = Courtiq;
			};
			name = Debug;
		};
		C060AF5C2C1974D200D160A5 /* Release */ = {
			isa = XCBuildConfiguration;
			buildSettings = {
				ALWAYS_EMBED_SWIFT_STANDARD_LIBRARIES = YES;
				CODE_SIGN_STYLE = Automatic;
				CURRENT_PROJECT_VERSION = 1;
				DEVELOPMENT_TEAM = Q8KFRAGT9K;
				GENERATE_INFOPLIST_FILE = YES;
				IPHONEOS_DEPLOYMENT_TARGET = 17.4;
				MACOSX_DEPLOYMENT_TARGET = 14.4;
				MARKETING_VERSION = 1.0;
				PRODUCT_BUNDLE_IDENTIFIER = rocketdestroyer.com.CourtiqUITests;
				PRODUCT_NAME = "$(TARGET_NAME)";
				SDKROOT = auto;
				SUPPORTED_PLATFORMS = "iphoneos iphonesimulator macosx";
				SWIFT_EMIT_LOC_STRINGS = NO;
				SWIFT_VERSION = 5.0;
				TARGETED_DEVICE_FAMILY = "1,2";
				TEST_TARGET_NAME = Courtiq;
			};
			name = Release;
		};
/* End XCBuildConfiguration section */

/* Begin XCConfigurationList section */
		C060AF282C1974D100D160A5 /* Build configuration list for PBXProject "Courtiq" */ = {
			isa = XCConfigurationList;
			buildConfigurations = (
				C060AF522C1974D200D160A5 /* Debug */,
				C060AF532C1974D200D160A5 /* Release */,
			);
			defaultConfigurationIsVisible = 0;
			defaultConfigurationName = Release;
		};
		C060AF542C1974D200D160A5 /* Build configuration list for PBXNativeTarget "Courtiq" */ = {
			isa = XCConfigurationList;
			buildConfigurations = (
				C060AF552C1974D200D160A5 /* Debug */,
				C060AF562C1974D200D160A5 /* Release */,
			);
			defaultConfigurationIsVisible = 0;
			defaultConfigurationName = Release;
		};
		C060AF572C1974D200D160A5 /* Build configuration list for PBXNativeTarget "CourtiqTests" */ = {
			isa = XCConfigurationList;
			buildConfigurations = (
				C060AF582C1974D200D160A5 /* Debug */,
				C060AF592C1974D200D160A5 /* Release */,
			);
			defaultConfigurationIsVisible = 0;
			defaultConfigurationName = Release;
		};
		C060AF5A2C1974D200D160A5 /* Build configuration list for PBXNativeTarget "CourtiqUITests" */ = {
			isa = XCConfigurationList;
			buildConfigurations = (
				C060AF5B2C1974D200D160A5 /* Debug */,
				C060AF5C2C1974D200D160A5 /* Release */,
			);
			defaultConfigurationIsVisible = 0;
			defaultConfigurationName = Release;
		};
/* End XCConfigurationList section */

/* Begin XCLocalSwiftPackageReference section */
		C02692372C62CFBE00B34F42 /* XCLocalSwiftPackageReference "Packages/RelationshipService" */ = {
			isa = XCLocalSwiftPackageReference;
			relativePath = Packages/RelationshipService;
		};
		C0495D7E2C1E45A100E6D023 /* XCLocalSwiftPackageReference "Packages/AuthenticationService" */ = {
			isa = XCLocalSwiftPackageReference;
			relativePath = Packages/AuthenticationService;
		};
		C0495D9B2C1E5F7F00E6D023 /* XCLocalSwiftPackageReference "Packages/RDDesignSystem" */ = {
			isa = XCLocalSwiftPackageReference;
			relativePath = Packages/RDDesignSystem;
		};
		C0B0C6FC2C61A03300D56577 /* XCLocalSwiftPackageReference "Packages/DataService" */ = {
			isa = XCLocalSwiftPackageReference;
			relativePath = Packages/DataService;
		};
		C0BA4ECC2C5B116D00C6F3F6 /* XCLocalSwiftPackageReference "Packages/StorageService" */ = {
			isa = XCLocalSwiftPackageReference;
			relativePath = Packages/StorageService;
		};
/* End XCLocalSwiftPackageReference section */

/* Begin XCRemoteSwiftPackageReference section */
		C0C9FBA72C6565CD00E913DD /* XCRemoteSwiftPackageReference "instantsearch-ios" */ = {
			isa = XCRemoteSwiftPackageReference;
			repositoryURL = "https://github.com/algolia/instantsearch-ios";
			requirement = {
				kind = upToNextMajorVersion;
				minimumVersion = 7.26.3;
			};
		};
/* End XCRemoteSwiftPackageReference section */

/* Begin XCSwiftPackageProductDependency section */
		C02692382C62CFBE00B34F42 /* RelationshipService */ = {
			isa = XCSwiftPackageProductDependency;
			productName = RelationshipService;
		};
		C067FEBC2C5B10B80089C7E9 /* RDDesignSystem */ = {
			isa = XCSwiftPackageProductDependency;
			productName = RDDesignSystem;
		};
		C067FEBE2C5B10B80089C7E9 /* StringEntryService */ = {
			isa = XCSwiftPackageProductDependency;
			productName = StringEntryService;
		};
		C067FEC02C5B10B80089C7E9 /* UserService */ = {
			isa = XCSwiftPackageProductDependency;
			productName = UserService;
		};
		C067FEC22C5B11210089C7E9 /* AuthenticationService */ = {
			isa = XCSwiftPackageProductDependency;
			productName = AuthenticationService;
		};
		C0BA4ECD2C5B116D00C6F3F6 /* StorageService */ = {
			isa = XCSwiftPackageProductDependency;
			productName = StorageService;
		};
		C0BA4EDA2C5C39D100C6F3F6 /* MatchUpService */ = {
			isa = XCSwiftPackageProductDependency;
			productName = MatchUpService;
		};
		C0C9FBAE2C65676200E913DD /* InstantSearchSwiftUI */ = {
			isa = XCSwiftPackageProductDependency;
			package = C0C9FBA72C6565CD00E913DD /* XCRemoteSwiftPackageReference "instantsearch-ios" */;
			productName = InstantSearchSwiftUI;
		};
/* End XCSwiftPackageProductDependency section */
	};
	rootObject = C060AF252C1974D100D160A5 /* Project object */;
}
