// !$*UTF8*$!
{
	archiveVersion = 1;
	classes = {
	};
	objectVersion = 56;
	objects = {

/* Begin PBXBuildFile section */
		C0F4A4DE2C1E614E006B204C /* AvatarComponent.swift in Sources */ = {isa = PBXBuildFile; fileRef = C0F4A4C02C1E614E006B204C /* AvatarComponent.swift */; };
		C0F4A4DF2C1E614E006B204C /* BadgeComponent.swift in Sources */ = {isa = PBXBuildFile; fileRef = C0F4A4C12C1E614E006B204C /* BadgeComponent.swift */; };
		C0F4A4E02C1E614E006B204C /* BottomNavigationBarComponent.swift in Sources */ = {isa = PBXBuildFile; fileRef = C0F4A4C22C1E614E006B204C /* BottomNavigationBarComponent.swift */; };
		C0F4A4E12C1E614E006B204C /* BottomSheetComponent.swift in Sources */ = {isa = PBXBuildFile; fileRef = C0F4A4C32C1E614E006B204C /* BottomSheetComponent.swift */; };
		C0F4A4E22C1E614E006B204C /* ButtonComponent.swift in Sources */ = {isa = PBXBuildFile; fileRef = C0F4A4C42C1E614E006B204C /* ButtonComponent.swift */; };
		C0F4A4E32C1E614E006B204C /* CardComponent.swift in Sources */ = {isa = PBXBuildFile; fileRef = C0F4A4C52C1E614E006B204C /* CardComponent.swift */; };
		C0F4A4E42C1E614E006B204C /* ChipComponent.swift in Sources */ = {isa = PBXBuildFile; fileRef = C0F4A4C62C1E614E006B204C /* ChipComponent.swift */; };
		C0F4A4E52C1E614E006B204C /* RDLineItemComponent.swift in Sources */ = {isa = PBXBuildFile; fileRef = C0F4A4C72C1E614E006B204C /* RDLineItemComponent.swift */; };
		C0F4A4E62C1E614E006B204C /* RDMenuComponent.swift in Sources */ = {isa = PBXBuildFile; fileRef = C0F4A4C82C1E614E006B204C /* RDMenuComponent.swift */; };
		C0F4A4E72C1E614E006B204C /* RDMessageComponent.swift in Sources */ = {isa = PBXBuildFile; fileRef = C0F4A4C92C1E614E006B204C /* RDMessageComponent.swift */; };
		C0F4A4E82C1E614E006B204C /* RDNotificationBadgeComponent.swift in Sources */ = {isa = PBXBuildFile; fileRef = C0F4A4CA2C1E614E006B204C /* RDNotificationBadgeComponent.swift */; };
		C0F4A4E92C1E614E006B204C /* RDSegmentControlComponent.swift in Sources */ = {isa = PBXBuildFile; fileRef = C0F4A4CB2C1E614E006B204C /* RDSegmentControlComponent.swift */; };
		C0F4A4EA2C1E614E006B204C /* RDTabControlComponent.swift in Sources */ = {isa = PBXBuildFile; fileRef = C0F4A4CC2C1E614E006B204C /* RDTabControlComponent.swift */; };
		C0F4A4EB2C1E614E006B204C /* RDTextFieldComponent.swift in Sources */ = {isa = PBXBuildFile; fileRef = C0F4A4CD2C1E614E006B204C /* RDTextFieldComponent.swift */; };
		C0F4A4EC2C1E614E006B204C /* RDToggleComponent.swift in Sources */ = {isa = PBXBuildFile; fileRef = C0F4A4CE2C1E614E006B204C /* RDToggleComponent.swift */; };
		C0F4A4ED2C1E614E006B204C /* RDTopNavigationComponent.swift in Sources */ = {isa = PBXBuildFile; fileRef = C0F4A4CF2C1E614E006B204C /* RDTopNavigationComponent.swift */; };
		C0F4A4EE2C1E614E006B204C /* CoachMarkComponent.swift in Sources */ = {isa = PBXBuildFile; fileRef = C0F4A4D02C1E614E006B204C /* CoachMarkComponent.swift */; };
		C0F4A4EF2C1E614E006B204C /* IconButtonComponent.swift in Sources */ = {isa = PBXBuildFile; fileRef = C0F4A4D12C1E614E006B204C /* IconButtonComponent.swift */; };
		C0F4A4F02C1E614E006B204C /* NotificationComponent.swift in Sources */ = {isa = PBXBuildFile; fileRef = C0F4A4D22C1E614E006B204C /* NotificationComponent.swift */; };
		C0F4A4F12C1E614E006B204C /* PageIndicatorCmponent.swift in Sources */ = {isa = PBXBuildFile; fileRef = C0F4A4D32C1E614E006B204C /* PageIndicatorCmponent.swift */; };
		C0F4A4F22C1E614E006B204C /* TooltipComponent.swift in Sources */ = {isa = PBXBuildFile; fileRef = C0F4A4D42C1E614E006B204C /* TooltipComponent.swift */; };
		C0F4A4F32C1E614E006B204C /* Color + Extension.swift in Sources */ = {isa = PBXBuildFile; fileRef = C0F4A4D62C1E614E006B204C /* Color + Extension.swift */; };
		C0F4A4F42C1E614E006B204C /* Preview Assets.xcassets in Resources */ = {isa = PBXBuildFile; fileRef = C0F4A4D82C1E614E006B204C /* Preview Assets.xcassets */; };
		C0F4A4F52C1E614E006B204C /* Assets.xcassets in Resources */ = {isa = PBXBuildFile; fileRef = C0F4A4DA2C1E614E006B204C /* Assets.xcassets */; };
		C0F4A4F62C1E614E006B204C /* ContentView.swift in Sources */ = {isa = PBXBuildFile; fileRef = C0F4A4DB2C1E614E006B204C /* ContentView.swift */; };
		C0F4A4F72C1E614E006B204C /* DynamicLayersExampleApp.swift in Sources */ = {isa = PBXBuildFile; fileRef = C0F4A4DC2C1E614E006B204C /* DynamicLayersExampleApp.swift */; };
		C0F4A4FB2C1E7FE5006B204C /* RDDesignSystem in Frameworks */ = {isa = PBXBuildFile; productRef = C0F4A4FA2C1E7FE5006B204C /* RDDesignSystem */; };
/* End PBXBuildFile section */

/* Begin PBXFileReference section */
		1812FF8E2B06775A00AD2E2B /* DynamicLayersExample.app */ = {isa = PBXFileReference; explicitFileType = wrapper.application; includeInIndex = 0; path = DynamicLayersExample.app; sourceTree = BUILT_PRODUCTS_DIR; };
		C0F4A4C02C1E614E006B204C /* AvatarComponent.swift */ = {isa = PBXFileReference; fileEncoding = 4; lastKnownFileType = sourcecode.swift; path = AvatarComponent.swift; sourceTree = "<group>"; };
		C0F4A4C12C1E614E006B204C /* BadgeComponent.swift */ = {isa = PBXFileReference; fileEncoding = 4; lastKnownFileType = sourcecode.swift; path = BadgeComponent.swift; sourceTree = "<group>"; };
		C0F4A4C22C1E614E006B204C /* BottomNavigationBarComponent.swift */ = {isa = PBXFileReference; fileEncoding = 4; lastKnownFileType = sourcecode.swift; path = BottomNavigationBarComponent.swift; sourceTree = "<group>"; };
		C0F4A4C32C1E614E006B204C /* BottomSheetComponent.swift */ = {isa = PBXFileReference; fileEncoding = 4; lastKnownFileType = sourcecode.swift; path = BottomSheetComponent.swift; sourceTree = "<group>"; };
		C0F4A4C42C1E614E006B204C /* ButtonComponent.swift */ = {isa = PBXFileReference; fileEncoding = 4; lastKnownFileType = sourcecode.swift; path = ButtonComponent.swift; sourceTree = "<group>"; };
		C0F4A4C52C1E614E006B204C /* CardComponent.swift */ = {isa = PBXFileReference; fileEncoding = 4; lastKnownFileType = sourcecode.swift; path = CardComponent.swift; sourceTree = "<group>"; };
		C0F4A4C62C1E614E006B204C /* ChipComponent.swift */ = {isa = PBXFileReference; fileEncoding = 4; lastKnownFileType = sourcecode.swift; path = ChipComponent.swift; sourceTree = "<group>"; };
		C0F4A4C72C1E614E006B204C /* RDLineItemComponent.swift */ = {isa = PBXFileReference; fileEncoding = 4; lastKnownFileType = sourcecode.swift; path = RDLineItemComponent.swift; sourceTree = "<group>"; };
		C0F4A4C82C1E614E006B204C /* RDMenuComponent.swift */ = {isa = PBXFileReference; fileEncoding = 4; lastKnownFileType = sourcecode.swift; path = RDMenuComponent.swift; sourceTree = "<group>"; };
		C0F4A4C92C1E614E006B204C /* RDMessageComponent.swift */ = {isa = PBXFileReference; fileEncoding = 4; lastKnownFileType = sourcecode.swift; path = RDMessageComponent.swift; sourceTree = "<group>"; };
		C0F4A4CA2C1E614E006B204C /* RDNotificationBadgeComponent.swift */ = {isa = PBXFileReference; fileEncoding = 4; lastKnownFileType = sourcecode.swift; path = RDNotificationBadgeComponent.swift; sourceTree = "<group>"; };
		C0F4A4CB2C1E614E006B204C /* RDSegmentControlComponent.swift */ = {isa = PBXFileReference; fileEncoding = 4; lastKnownFileType = sourcecode.swift; path = RDSegmentControlComponent.swift; sourceTree = "<group>"; };
		C0F4A4CC2C1E614E006B204C /* RDTabControlComponent.swift */ = {isa = PBXFileReference; fileEncoding = 4; lastKnownFileType = sourcecode.swift; path = RDTabControlComponent.swift; sourceTree = "<group>"; };
		C0F4A4CD2C1E614E006B204C /* RDTextFieldComponent.swift */ = {isa = PBXFileReference; fileEncoding = 4; lastKnownFileType = sourcecode.swift; path = RDTextFieldComponent.swift; sourceTree = "<group>"; };
		C0F4A4CE2C1E614E006B204C /* RDToggleComponent.swift */ = {isa = PBXFileReference; fileEncoding = 4; lastKnownFileType = sourcecode.swift; path = RDToggleComponent.swift; sourceTree = "<group>"; };
		C0F4A4CF2C1E614E006B204C /* RDTopNavigationComponent.swift */ = {isa = PBXFileReference; fileEncoding = 4; lastKnownFileType = sourcecode.swift; path = RDTopNavigationComponent.swift; sourceTree = "<group>"; };
		C0F4A4D02C1E614E006B204C /* CoachMarkComponent.swift */ = {isa = PBXFileReference; fileEncoding = 4; lastKnownFileType = sourcecode.swift; path = CoachMarkComponent.swift; sourceTree = "<group>"; };
		C0F4A4D12C1E614E006B204C /* IconButtonComponent.swift */ = {isa = PBXFileReference; fileEncoding = 4; lastKnownFileType = sourcecode.swift; path = IconButtonComponent.swift; sourceTree = "<group>"; };
		C0F4A4D22C1E614E006B204C /* NotificationComponent.swift */ = {isa = PBXFileReference; fileEncoding = 4; lastKnownFileType = sourcecode.swift; path = NotificationComponent.swift; sourceTree = "<group>"; };
		C0F4A4D32C1E614E006B204C /* PageIndicatorCmponent.swift */ = {isa = PBXFileReference; fileEncoding = 4; lastKnownFileType = sourcecode.swift; path = PageIndicatorCmponent.swift; sourceTree = "<group>"; };
		C0F4A4D42C1E614E006B204C /* TooltipComponent.swift */ = {isa = PBXFileReference; fileEncoding = 4; lastKnownFileType = sourcecode.swift; path = TooltipComponent.swift; sourceTree = "<group>"; };
		C0F4A4D62C1E614E006B204C /* Color + Extension.swift */ = {isa = PBXFileReference; fileEncoding = 4; lastKnownFileType = sourcecode.swift; path = "Color + Extension.swift"; sourceTree = "<group>"; };
		C0F4A4D82C1E614E006B204C /* Preview Assets.xcassets */ = {isa = PBXFileReference; lastKnownFileType = folder.assetcatalog; path = "Preview Assets.xcassets"; sourceTree = "<group>"; };
		C0F4A4DA2C1E614E006B204C /* Assets.xcassets */ = {isa = PBXFileReference; lastKnownFileType = folder.assetcatalog; path = Assets.xcassets; sourceTree = "<group>"; };
		C0F4A4DB2C1E614E006B204C /* ContentView.swift */ = {isa = PBXFileReference; fileEncoding = 4; lastKnownFileType = sourcecode.swift; path = ContentView.swift; sourceTree = "<group>"; };
		C0F4A4DC2C1E614E006B204C /* DynamicLayersExampleApp.swift */ = {isa = PBXFileReference; fileEncoding = 4; lastKnownFileType = sourcecode.swift; path = DynamicLayersExampleApp.swift; sourceTree = "<group>"; };
		C0F4A4F92C1E7FD8006B204C /* RDDesignSystem */ = {isa = PBXFileReference; lastKnownFileType = wrapper; name = RDDesignSystem; path = ..; sourceTree = "<group>"; };
/* End PBXFileReference section */

/* Begin PBXFrameworksBuildPhase section */
		1812FF8B2B06775A00AD2E2B /* Frameworks */ = {
			isa = PBXFrameworksBuildPhase;
			buildActionMask = 2147483647;
			files = (
				C0F4A4FB2C1E7FE5006B204C /* RDDesignSystem in Frameworks */,
			);
			runOnlyForDeploymentPostprocessing = 0;
		};
/* End PBXFrameworksBuildPhase section */

/* Begin PBXGroup section */
		1812FF852B06775A00AD2E2B = {
			isa = PBXGroup;
			children = (
				C0F4A4DD2C1E614E006B204C /* RDDesignSystemExample */,
				1812FF8F2B06775A00AD2E2B /* Products */,
				C0F4A4F82C1E7FD8006B204C /* Frameworks */,
			);
			sourceTree = "<group>";
		};
		1812FF8F2B06775A00AD2E2B /* Products */ = {
			isa = PBXGroup;
			children = (
				1812FF8E2B06775A00AD2E2B /* DynamicLayersExample.app */,
			);
			name = Products;
			sourceTree = "<group>";
		};
		C0F4A4D52C1E614E006B204C /* Components */ = {
			isa = PBXGroup;
			children = (
				C0F4A4C02C1E614E006B204C /* AvatarComponent.swift */,
				C0F4A4C12C1E614E006B204C /* BadgeComponent.swift */,
				C0F4A4C22C1E614E006B204C /* BottomNavigationBarComponent.swift */,
				C0F4A4C32C1E614E006B204C /* BottomSheetComponent.swift */,
				C0F4A4C42C1E614E006B204C /* ButtonComponent.swift */,
				C0F4A4C52C1E614E006B204C /* CardComponent.swift */,
				C0F4A4C62C1E614E006B204C /* ChipComponent.swift */,
				C0F4A4C72C1E614E006B204C /* RDLineItemComponent.swift */,
				C0F4A4C82C1E614E006B204C /* RDMenuComponent.swift */,
				C0F4A4C92C1E614E006B204C /* RDMessageComponent.swift */,
				C0F4A4CA2C1E614E006B204C /* RDNotificationBadgeComponent.swift */,
				C0F4A4CB2C1E614E006B204C /* RDSegmentControlComponent.swift */,
				C0F4A4CC2C1E614E006B204C /* RDTabControlComponent.swift */,
				C0F4A4CD2C1E614E006B204C /* RDTextFieldComponent.swift */,
				C0F4A4CE2C1E614E006B204C /* RDToggleComponent.swift */,
				C0F4A4CF2C1E614E006B204C /* RDTopNavigationComponent.swift */,
				C0F4A4D02C1E614E006B204C /* CoachMarkComponent.swift */,
				C0F4A4D12C1E614E006B204C /* IconButtonComponent.swift */,
				C0F4A4D22C1E614E006B204C /* NotificationComponent.swift */,
				C0F4A4D32C1E614E006B204C /* PageIndicatorCmponent.swift */,
				C0F4A4D42C1E614E006B204C /* TooltipComponent.swift */,
			);
			path = Components;
			sourceTree = "<group>";
		};
		C0F4A4D72C1E614E006B204C /* Extensions */ = {
			isa = PBXGroup;
			children = (
				C0F4A4D62C1E614E006B204C /* Color + Extension.swift */,
			);
			path = Extensions;
			sourceTree = "<group>";
		};
		C0F4A4D92C1E614E006B204C /* Preview Content */ = {
			isa = PBXGroup;
			children = (
				C0F4A4D82C1E614E006B204C /* Preview Assets.xcassets */,
			);
			path = "Preview Content";
			sourceTree = "<group>";
		};
		C0F4A4DD2C1E614E006B204C /* RDDesignSystemExample */ = {
			isa = PBXGroup;
			children = (
				C0F4A4D52C1E614E006B204C /* Components */,
				C0F4A4D72C1E614E006B204C /* Extensions */,
				C0F4A4D92C1E614E006B204C /* Preview Content */,
				C0F4A4DA2C1E614E006B204C /* Assets.xcassets */,
				C0F4A4DB2C1E614E006B204C /* ContentView.swift */,
				C0F4A4DC2C1E614E006B204C /* DynamicLayersExampleApp.swift */,
			);
			path = RDDesignSystemExample;
			sourceTree = "<group>";
		};
		C0F4A4F82C1E7FD8006B204C /* Frameworks */ = {
			isa = PBXGroup;
			children = (
				C0F4A4F92C1E7FD8006B204C /* RDDesignSystem */,
			);
			name = Frameworks;
			sourceTree = "<group>";
		};
/* End PBXGroup section */

/* Begin PBXNativeTarget section */
		1812FF8D2B06775A00AD2E2B /* DynamicLayersExample */ = {
			isa = PBXNativeTarget;
			buildConfigurationList = 1812FF9C2B06775C00AD2E2B /* Build configuration list for PBXNativeTarget "DynamicLayersExample" */;
			buildPhases = (
				1812FF8A2B06775A00AD2E2B /* Sources */,
				1812FF8B2B06775A00AD2E2B /* Frameworks */,
				1812FF8C2B06775A00AD2E2B /* Resources */,
			);
			buildRules = (
			);
			dependencies = (
			);
			name = DynamicLayersExample;
			packageProductDependencies = (
				C0F4A4FA2C1E7FE5006B204C /* RDDesignSystem */,
			);
			productName = DynamicLayersExample;
			productReference = 1812FF8E2B06775A00AD2E2B /* DynamicLayersExample.app */;
			productType = "com.apple.product-type.application";
		};
/* End PBXNativeTarget section */

/* Begin PBXProject section */
		1812FF862B06775A00AD2E2B /* Project object */ = {
			isa = PBXProject;
			attributes = {
				BuildIndependentTargetsInParallel = 1;
				LastSwiftUpdateCheck = 1430;
				LastUpgradeCheck = 1430;
				TargetAttributes = {
					1812FF8D2B06775A00AD2E2B = {
						CreatedOnToolsVersion = 14.3.1;
					};
				};
			};
			buildConfigurationList = 1812FF892B06775A00AD2E2B /* Build configuration list for PBXProject "RDDesignSystemExample" */;
			compatibilityVersion = "Xcode 14.0";
			developmentRegion = en;
			hasScannedForEncodings = 0;
			knownRegions = (
				en,
				Base,
			);
			mainGroup = 1812FF852B06775A00AD2E2B;
			packageReferences = (
			);
			productRefGroup = 1812FF8F2B06775A00AD2E2B /* Products */;
			projectDirPath = "";
			projectRoot = "";
			targets = (
				1812FF8D2B06775A00AD2E2B /* DynamicLayersExample */,
			);
		};
/* End PBXProject section */

/* Begin PBXResourcesBuildPhase section */
		1812FF8C2B06775A00AD2E2B /* Resources */ = {
			isa = PBXResourcesBuildPhase;
			buildActionMask = 2147483647;
			files = (
				C0F4A4F42C1E614E006B204C /* Preview Assets.xcassets in Resources */,
				C0F4A4F52C1E614E006B204C /* Assets.xcassets in Resources */,
			);
			runOnlyForDeploymentPostprocessing = 0;
		};
/* End PBXResourcesBuildPhase section */

/* Begin PBXSourcesBuildPhase section */
		1812FF8A2B06775A00AD2E2B /* Sources */ = {
			isa = PBXSourcesBuildPhase;
			buildActionMask = 2147483647;
			files = (
				C0F4A4F02C1E614E006B204C /* NotificationComponent.swift in Sources */,
				C0F4A4E32C1E614E006B204C /* CardComponent.swift in Sources */,
				C0F4A4E72C1E614E006B204C /* RDMessageComponent.swift in Sources */,
				C0F4A4E12C1E614E006B204C /* BottomSheetComponent.swift in Sources */,
				C0F4A4EC2C1E614E006B204C /* RDToggleComponent.swift in Sources */,
				C0F4A4EF2C1E614E006B204C /* IconButtonComponent.swift in Sources */,
				C0F4A4F32C1E614E006B204C /* Color + Extension.swift in Sources */,
				C0F4A4E52C1E614E006B204C /* RDLineItemComponent.swift in Sources */,
				C0F4A4EA2C1E614E006B204C /* RDTabControlComponent.swift in Sources */,
				C0F4A4E02C1E614E006B204C /* BottomNavigationBarComponent.swift in Sources */,
				C0F4A4ED2C1E614E006B204C /* RDTopNavigationComponent.swift in Sources */,
				C0F4A4F62C1E614E006B204C /* ContentView.swift in Sources */,
				C0F4A4F72C1E614E006B204C /* DynamicLayersExampleApp.swift in Sources */,
				C0F4A4E92C1E614E006B204C /* RDSegmentControlComponent.swift in Sources */,
				C0F4A4E62C1E614E006B204C /* RDMenuComponent.swift in Sources */,
				C0F4A4E22C1E614E006B204C /* ButtonComponent.swift in Sources */,
				C0F4A4F12C1E614E006B204C /* PageIndicatorCmponent.swift in Sources */,
				C0F4A4DE2C1E614E006B204C /* AvatarComponent.swift in Sources */,
				C0F4A4DF2C1E614E006B204C /* BadgeComponent.swift in Sources */,
				C0F4A4F22C1E614E006B204C /* TooltipComponent.swift in Sources */,
				C0F4A4E82C1E614E006B204C /* RDNotificationBadgeComponent.swift in Sources */,
				C0F4A4EB2C1E614E006B204C /* RDTextFieldComponent.swift in Sources */,
				C0F4A4EE2C1E614E006B204C /* CoachMarkComponent.swift in Sources */,
				C0F4A4E42C1E614E006B204C /* ChipComponent.swift in Sources */,
			);
			runOnlyForDeploymentPostprocessing = 0;
		};
/* End PBXSourcesBuildPhase section */

/* Begin XCBuildConfiguration section */
		1812FF9A2B06775C00AD2E2B /* Debug */ = {
			isa = XCBuildConfiguration;
			buildSettings = {
				ALWAYS_SEARCH_USER_PATHS = NO;
				CLANG_ANALYZER_NONNULL = YES;
				CLANG_ANALYZER_NUMBER_OBJECT_CONVERSION = YES_AGGRESSIVE;
				CLANG_CXX_LANGUAGE_STANDARD = "gnu++20";
				CLANG_ENABLE_MODULES = YES;
				CLANG_ENABLE_OBJC_ARC = YES;
				CLANG_ENABLE_OBJC_WEAK = YES;
				CLANG_WARN_BLOCK_CAPTURE_AUTORELEASING = YES;
				CLANG_WARN_BOOL_CONVERSION = YES;
				CLANG_WARN_COMMA = YES;
				CLANG_WARN_CONSTANT_CONVERSION = YES;
				CLANG_WARN_DEPRECATED_OBJC_IMPLEMENTATIONS = YES;
				CLANG_WARN_DIRECT_OBJC_ISA_USAGE = YES_ERROR;
				CLANG_WARN_DOCUMENTATION_COMMENTS = YES;
				CLANG_WARN_EMPTY_BODY = YES;
				CLANG_WARN_ENUM_CONVERSION = YES;
				CLANG_WARN_INFINITE_RECURSION = YES;
				CLANG_WARN_INT_CONVERSION = YES;
				CLANG_WARN_NON_LITERAL_NULL_CONVERSION = YES;
				CLANG_WARN_OBJC_IMPLICIT_RETAIN_SELF = YES;
				CLANG_WARN_OBJC_LITERAL_CONVERSION = YES;
				CLANG_WARN_OBJC_ROOT_CLASS = YES_ERROR;
				CLANG_WARN_QUOTED_INCLUDE_IN_FRAMEWORK_HEADER = YES;
				CLANG_WARN_RANGE_LOOP_ANALYSIS = YES;
				CLANG_WARN_STRICT_PROTOTYPES = YES;
				CLANG_WARN_SUSPICIOUS_MOVE = YES;
				CLANG_WARN_UNGUARDED_AVAILABILITY = YES_AGGRESSIVE;
				CLANG_WARN_UNREACHABLE_CODE = YES;
				CLANG_WARN__DUPLICATE_METHOD_MATCH = YES;
				COPY_PHASE_STRIP = NO;
				DEBUG_INFORMATION_FORMAT = dwarf;
				ENABLE_STRICT_OBJC_MSGSEND = YES;
				ENABLE_TESTABILITY = YES;
				GCC_C_LANGUAGE_STANDARD = gnu11;
				GCC_DYNAMIC_NO_PIC = NO;
				GCC_NO_COMMON_BLOCKS = YES;
				GCC_OPTIMIZATION_LEVEL = 0;
				GCC_PREPROCESSOR_DEFINITIONS = (
					"DEBUG=1",
					"$(inherited)",
				);
				GCC_WARN_64_TO_32_BIT_CONVERSION = YES;
				GCC_WARN_ABOUT_RETURN_TYPE = YES_ERROR;
				GCC_WARN_UNDECLARED_SELECTOR = YES;
				GCC_WARN_UNINITIALIZED_AUTOS = YES_AGGRESSIVE;
				GCC_WARN_UNUSED_FUNCTION = YES;
				GCC_WARN_UNUSED_VARIABLE = YES;
				IPHONEOS_DEPLOYMENT_TARGET = 16.4;
				MTL_ENABLE_DEBUG_INFO = INCLUDE_SOURCE;
				MTL_FAST_MATH = YES;
				ONLY_ACTIVE_ARCH = YES;
				SDKROOT = iphoneos;
				SWIFT_ACTIVE_COMPILATION_CONDITIONS = DEBUG;
				SWIFT_OPTIMIZATION_LEVEL = "-Onone";
			};
			name = Debug;
		};
		1812FF9B2B06775C00AD2E2B /* Release */ = {
			isa = XCBuildConfiguration;
			buildSettings = {
				ALWAYS_SEARCH_USER_PATHS = NO;
				CLANG_ANALYZER_NONNULL = YES;
				CLANG_ANALYZER_NUMBER_OBJECT_CONVERSION = YES_AGGRESSIVE;
				CLANG_CXX_LANGUAGE_STANDARD = "gnu++20";
				CLANG_ENABLE_MODULES = YES;
				CLANG_ENABLE_OBJC_ARC = YES;
				CLANG_ENABLE_OBJC_WEAK = YES;
				CLANG_WARN_BLOCK_CAPTURE_AUTORELEASING = YES;
				CLANG_WARN_BOOL_CONVERSION = YES;
				CLANG_WARN_COMMA = YES;
				CLANG_WARN_CONSTANT_CONVERSION = YES;
				CLANG_WARN_DEPRECATED_OBJC_IMPLEMENTATIONS = YES;
				CLANG_WARN_DIRECT_OBJC_ISA_USAGE = YES_ERROR;
				CLANG_WARN_DOCUMENTATION_COMMENTS = YES;
				CLANG_WARN_EMPTY_BODY = YES;
				CLANG_WARN_ENUM_CONVERSION = YES;
				CLANG_WARN_INFINITE_RECURSION = YES;
				CLANG_WARN_INT_CONVERSION = YES;
				CLANG_WARN_NON_LITERAL_NULL_CONVERSION = YES;
				CLANG_WARN_OBJC_IMPLICIT_RETAIN_SELF = YES;
				CLANG_WARN_OBJC_LITERAL_CONVERSION = YES;
				CLANG_WARN_OBJC_ROOT_CLASS = YES_ERROR;
				CLANG_WARN_QUOTED_INCLUDE_IN_FRAMEWORK_HEADER = YES;
				CLANG_WARN_RANGE_LOOP_ANALYSIS = YES;
				CLANG_WARN_STRICT_PROTOTYPES = YES;
				CLANG_WARN_SUSPICIOUS_MOVE = YES;
				CLANG_WARN_UNGUARDED_AVAILABILITY = YES_AGGRESSIVE;
				CLANG_WARN_UNREACHABLE_CODE = YES;
				CLANG_WARN__DUPLICATE_METHOD_MATCH = YES;
				COPY_PHASE_STRIP = NO;
				DEBUG_INFORMATION_FORMAT = "dwarf-with-dsym";
				ENABLE_NS_ASSERTIONS = NO;
				ENABLE_STRICT_OBJC_MSGSEND = YES;
				GCC_C_LANGUAGE_STANDARD = gnu11;
				GCC_NO_COMMON_BLOCKS = YES;
				GCC_WARN_64_TO_32_BIT_CONVERSION = YES;
				GCC_WARN_ABOUT_RETURN_TYPE = YES_ERROR;
				GCC_WARN_UNDECLARED_SELECTOR = YES;
				GCC_WARN_UNINITIALIZED_AUTOS = YES_AGGRESSIVE;
				GCC_WARN_UNUSED_FUNCTION = YES;
				GCC_WARN_UNUSED_VARIABLE = YES;
				IPHONEOS_DEPLOYMENT_TARGET = 16.4;
				MTL_ENABLE_DEBUG_INFO = NO;
				MTL_FAST_MATH = YES;
				SDKROOT = iphoneos;
				SWIFT_COMPILATION_MODE = wholemodule;
				SWIFT_OPTIMIZATION_LEVEL = "-O";
				VALIDATE_PRODUCT = YES;
			};
			name = Release;
		};
		1812FF9D2B06775C00AD2E2B /* Debug */ = {
			isa = XCBuildConfiguration;
			buildSettings = {
				ASSETCATALOG_COMPILER_APPICON_NAME = AppIcon;
				ASSETCATALOG_COMPILER_GLOBAL_ACCENT_COLOR_NAME = AccentColor;
				CODE_SIGN_STYLE = Automatic;
				CURRENT_PROJECT_VERSION = 1;
				DEVELOPMENT_ASSET_PATHS = "RDDesignSystemExample/Preview\\ Content/Preview\\ Assets.xcassets";
				DEVELOPMENT_TEAM = Q8KFRAGT9K;
				ENABLE_PREVIEWS = YES;
				GENERATE_INFOPLIST_FILE = YES;
				INFOPLIST_KEY_UIApplicationSceneManifest_Generation = YES;
				INFOPLIST_KEY_UIApplicationSupportsIndirectInputEvents = YES;
				INFOPLIST_KEY_UILaunchScreen_Generation = YES;
				INFOPLIST_KEY_UISupportedInterfaceOrientations_iPad = "UIInterfaceOrientationPortrait UIInterfaceOrientationPortraitUpsideDown UIInterfaceOrientationLandscapeLeft UIInterfaceOrientationLandscapeRight";
				INFOPLIST_KEY_UISupportedInterfaceOrientations_iPhone = "UIInterfaceOrientationPortrait UIInterfaceOrientationLandscapeLeft UIInterfaceOrientationLandscapeRight";
				LD_RUNPATH_SEARCH_PATHS = (
					"$(inherited)",
					"@executable_path/Frameworks",
				);
				MARKETING_VERSION = 1.0;
				PRODUCT_BUNDLE_IDENTIFIER = "com.pranav-suri.RDDesignSystemExample";
				PRODUCT_NAME = "$(TARGET_NAME)";
				SWIFT_EMIT_LOC_STRINGS = YES;
				SWIFT_VERSION = 5.0;
				TARGETED_DEVICE_FAMILY = "1,2";
			};
			name = Debug;
		};
		1812FF9E2B06775C00AD2E2B /* Release */ = {
			isa = XCBuildConfiguration;
			buildSettings = {
				ASSETCATALOG_COMPILER_APPICON_NAME = AppIcon;
				ASSETCATALOG_COMPILER_GLOBAL_ACCENT_COLOR_NAME = AccentColor;
				CODE_SIGN_STYLE = Automatic;
				CURRENT_PROJECT_VERSION = 1;
				DEVELOPMENT_ASSET_PATHS = "RDDesignSystemExample/Preview\\ Content/Preview\\ Assets.xcassets";
				DEVELOPMENT_TEAM = Q8KFRAGT9K;
				ENABLE_PREVIEWS = YES;
				GENERATE_INFOPLIST_FILE = YES;
				INFOPLIST_KEY_UIApplicationSceneManifest_Generation = YES;
				INFOPLIST_KEY_UIApplicationSupportsIndirectInputEvents = YES;
				INFOPLIST_KEY_UILaunchScreen_Generation = YES;
				INFOPLIST_KEY_UISupportedInterfaceOrientations_iPad = "UIInterfaceOrientationPortrait UIInterfaceOrientationPortraitUpsideDown UIInterfaceOrientationLandscapeLeft UIInterfaceOrientationLandscapeRight";
				INFOPLIST_KEY_UISupportedInterfaceOrientations_iPhone = "UIInterfaceOrientationPortrait UIInterfaceOrientationLandscapeLeft UIInterfaceOrientationLandscapeRight";
				LD_RUNPATH_SEARCH_PATHS = (
					"$(inherited)",
					"@executable_path/Frameworks",
				);
				MARKETING_VERSION = 1.0;
				PRODUCT_BUNDLE_IDENTIFIER = "com.pranav-suri.RDDesignSystemExample";
				PRODUCT_NAME = "$(TARGET_NAME)";
				SWIFT_EMIT_LOC_STRINGS = YES;
				SWIFT_VERSION = 5.0;
				TARGETED_DEVICE_FAMILY = "1,2";
			};
			name = Release;
		};
/* End XCBuildConfiguration section */

/* Begin XCConfigurationList section */
		1812FF892B06775A00AD2E2B /* Build configuration list for PBXProject "RDDesignSystemExample" */ = {
			isa = XCConfigurationList;
			buildConfigurations = (
				1812FF9A2B06775C00AD2E2B /* Debug */,
				1812FF9B2B06775C00AD2E2B /* Release */,
			);
			defaultConfigurationIsVisible = 0;
			defaultConfigurationName = Release;
		};
		1812FF9C2B06775C00AD2E2B /* Build configuration list for PBXNativeTarget "DynamicLayersExample" */ = {
			isa = XCConfigurationList;
			buildConfigurations = (
				1812FF9D2B06775C00AD2E2B /* Debug */,
				1812FF9E2B06775C00AD2E2B /* Release */,
			);
			defaultConfigurationIsVisible = 0;
			defaultConfigurationName = Release;
		};
/* End XCConfigurationList section */

/* Begin XCSwiftPackageProductDependency section */
		C0F4A4FA2C1E7FE5006B204C /* RDDesignSystem */ = {
			isa = XCSwiftPackageProductDependency;
			productName = RDDesignSystem;
		};
/* End XCSwiftPackageProductDependency section */
	};
	rootObject = 1812FF862B06775A00AD2E2B /* Project object */;
}
